// !$*UTF8*$!
{
	archiveVersion = 1;
	classes = {
	};
	objectVersion = 51;
	objects = {

/* Begin PBXBuildFile section */
		C67F75B816A8645C733BE525 /* Pods_MVP_C_Example.framework in Frameworks */ = {isa = PBXBuildFile; fileRef = 3DED06D4082B1811DD4EC809 /* Pods_MVP_C_Example.framework */; };
		FA61DB37268F269600C2B9CA /* AppDelegate.swift in Sources */ = {isa = PBXBuildFile; fileRef = FA61DB36268F269600C2B9CA /* AppDelegate.swift */; };
		FA61DB39268F269600C2B9CA /* SceneDelegate.swift in Sources */ = {isa = PBXBuildFile; fileRef = FA61DB38268F269600C2B9CA /* SceneDelegate.swift */; };
		FA61DB40268F269A00C2B9CA /* Images.xcassets in Resources */ = {isa = PBXBuildFile; fileRef = FA61DB3F268F269A00C2B9CA /* Images.xcassets */; };
		FA61DB43268F269A00C2B9CA /* LaunchScreen.storyboard in Resources */ = {isa = PBXBuildFile; fileRef = FA61DB41268F269A00C2B9CA /* LaunchScreen.storyboard */; };
		FA61DB4E268F269A00C2B9CA /* MVP_C_ExampleTests.swift in Sources */ = {isa = PBXBuildFile; fileRef = FA61DB4D268F269A00C2B9CA /* MVP_C_ExampleTests.swift */; };
		FA61DB59268F269A00C2B9CA /* MVP_C_ExampleUITests.swift in Sources */ = {isa = PBXBuildFile; fileRef = FA61DB58268F269A00C2B9CA /* MVP_C_ExampleUITests.swift */; };
		FA61DB6B268F26DF00C2B9CA /* ApplicationCoordinator.swift in Sources */ = {isa = PBXBuildFile; fileRef = FA61DB6A268F26DF00C2B9CA /* ApplicationCoordinator.swift */; };
		FA61DB75268F270600C2B9CA /* BaseCoordinator.swift in Sources */ = {isa = PBXBuildFile; fileRef = FA61DB74268F270600C2B9CA /* BaseCoordinator.swift */; };
		FA61DB7D268F271A00C2B9CA /* LaunchInstructor.swift in Sources */ = {isa = PBXBuildFile; fileRef = FA61DB7C268F271A00C2B9CA /* LaunchInstructor.swift */; };
		FA61DB82268F274100C2B9CA /* CoordinatorFactoryProtocol.swift in Sources */ = {isa = PBXBuildFile; fileRef = FA61DB81268F274100C2B9CA /* CoordinatorFactoryProtocol.swift */; };
		FA61DB87268F275F00C2B9CA /* Router.swift in Sources */ = {isa = PBXBuildFile; fileRef = FA61DB86268F275F00C2B9CA /* Router.swift */; };
		FA61DB8C268F279E00C2B9CA /* DependencyProvider.swift in Sources */ = {isa = PBXBuildFile; fileRef = FA61DB8B268F279E00C2B9CA /* DependencyProvider.swift */; };
		FA61DB95268F280D00C2B9CA /* Services.swift in Sources */ = {isa = PBXBuildFile; fileRef = FA61DB94268F280D00C2B9CA /* Services.swift */; };
		FA61DB9F268F289B00C2B9CA /* Networker.swift in Sources */ = {isa = PBXBuildFile; fileRef = FA61DB9E268F289B00C2B9CA /* Networker.swift */; };
		FA61DBA7268F294100C2B9CA /* EndPointType.swift in Sources */ = {isa = PBXBuildFile; fileRef = FA61DBA6268F294100C2B9CA /* EndPointType.swift */; };
		FA61DBAD268F295900C2B9CA /* AuthRequester.swift in Sources */ = {isa = PBXBuildFile; fileRef = FA61DBAC268F295900C2B9CA /* AuthRequester.swift */; };
		FA61DBB5268F29E800C2B9CA /* UserRequester.swift in Sources */ = {isa = PBXBuildFile; fileRef = FA61DBB4268F29E800C2B9CA /* UserRequester.swift */; };
		FA61DBBB268F2A6900C2B9CA /* TokenStorage.swift in Sources */ = {isa = PBXBuildFile; fileRef = FA61DBBA268F2A6900C2B9CA /* TokenStorage.swift */; };
		FA61DBC4268F2A9200C2B9CA /* Keychain.swift in Sources */ = {isa = PBXBuildFile; fileRef = FA61DBC3268F2A9200C2B9CA /* Keychain.swift */; };
		FA61DBCD268F2ACA00C2B9CA /* RealmStorage.swift in Sources */ = {isa = PBXBuildFile; fileRef = FA61DBCC268F2ACA00C2B9CA /* RealmStorage.swift */; };
		FA61DBD5268F2ADD00C2B9CA /* RealmMigrationHandler.swift in Sources */ = {isa = PBXBuildFile; fileRef = FA61DBD4268F2ADD00C2B9CA /* RealmMigrationHandler.swift */; };
		FA61DBDB268F2B0700C2B9CA /* UserService.swift in Sources */ = {isa = PBXBuildFile; fileRef = FA61DBDA268F2B0700C2B9CA /* UserService.swift */; };
		FA61DBE3268F2B9100C2B9CA /* AuthService.swift in Sources */ = {isa = PBXBuildFile; fileRef = FA61DBE2268F2B9100C2B9CA /* AuthService.swift */; };
		FA61DBE9268F2BEE00C2B9CA /* BiometricsService.swift in Sources */ = {isa = PBXBuildFile; fileRef = FA61DBE8268F2BEE00C2B9CA /* BiometricsService.swift */; };
		FA61DBF1268F2BFD00C2B9CA /* FileService.swift in Sources */ = {isa = PBXBuildFile; fileRef = FA61DBF0268F2BFD00C2B9CA /* FileService.swift */; };
		FA61DBF8268F2C3000C2B9CA /* User.swift in Sources */ = {isa = PBXBuildFile; fileRef = FA61DBF7268F2C3000C2B9CA /* User.swift */; };
		FA61DC02268F2C6200C2B9CA /* LogIn.swift in Sources */ = {isa = PBXBuildFile; fileRef = FA61DC01268F2C6200C2B9CA /* LogIn.swift */; };
		FA61DC0A268F2C8800C2B9CA /* Profile.swift in Sources */ = {isa = PBXBuildFile; fileRef = FA61DC09268F2C8800C2B9CA /* Profile.swift */; };
		FA61DC10268F2D2C00C2B9CA /* ErrorMessage.swift in Sources */ = {isa = PBXBuildFile; fileRef = FA61DC0F268F2D2C00C2B9CA /* ErrorMessage.swift */; };
		FA61DC1A268F2D9700C2B9CA /* BaseCell.swift in Sources */ = {isa = PBXBuildFile; fileRef = FA61DC19268F2D9700C2B9CA /* BaseCell.swift */; };
		FA61DC22268F2DA700C2B9CA /* BaseViewController.swift in Sources */ = {isa = PBXBuildFile; fileRef = FA61DC21268F2DA700C2B9CA /* BaseViewController.swift */; };
		FA61DC28268F2DCD00C2B9CA /* Configuration.swift in Sources */ = {isa = PBXBuildFile; fileRef = FA61DC27268F2DCD00C2B9CA /* Configuration.swift */; };
		FA61DC30268F2DE200C2B9CA /* Development.xcconfig in Resources */ = {isa = PBXBuildFile; fileRef = FA61DC2F268F2DE200C2B9CA /* Development.xcconfig */; };
		FA61DC35268F2DE700C2B9CA /* Production.xcconfig in Resources */ = {isa = PBXBuildFile; fileRef = FA61DC34268F2DE700C2B9CA /* Production.xcconfig */; };
		FA61DC3A268F2DED00C2B9CA /* Staging.xcconfig in Resources */ = {isa = PBXBuildFile; fileRef = FA61DC39268F2DED00C2B9CA /* Staging.xcconfig */; };
		FA61DC40268F2E6D00C2B9CA /* Constants.swift in Sources */ = {isa = PBXBuildFile; fileRef = FA61DC3F268F2E6D00C2B9CA /* Constants.swift */; };
		FA61DC48268F2EB200C2B9CA /* PlaceholderTextView.swift in Sources */ = {isa = PBXBuildFile; fileRef = FA61DC47268F2EB200C2B9CA /* PlaceholderTextView.swift */; };
		FA61DC4E268F2ED600C2B9CA /* NSCollectionLayoutSection.swift in Sources */ = {isa = PBXBuildFile; fileRef = FA61DC4D268F2ED600C2B9CA /* NSCollectionLayoutSection.swift */; };
		FA61DC56268F2F1B00C2B9CA /* UIStoryboard.swift in Sources */ = {isa = PBXBuildFile; fileRef = FA61DC55268F2F1B00C2B9CA /* UIStoryboard.swift */; };
		FA61DC5B268F2F4700C2B9CA /* UIViewController.swift in Sources */ = {isa = PBXBuildFile; fileRef = FA61DC5A268F2F4700C2B9CA /* UIViewController.swift */; };
		FA61DC60268F2F6A00C2B9CA /* UICollectionView.swift in Sources */ = {isa = PBXBuildFile; fileRef = FA61DC5F268F2F6A00C2B9CA /* UICollectionView.swift */; };
		FA61DC65268F2F8600C2B9CA /* UITableView.swift in Sources */ = {isa = PBXBuildFile; fileRef = FA61DC64268F2F8600C2B9CA /* UITableView.swift */; };
		FA61DC6A268F2F8D00C2B9CA /* UIView.swift in Sources */ = {isa = PBXBuildFile; fileRef = FA61DC69268F2F8D00C2B9CA /* UIView.swift */; };
		FA61DC6F268F2F9D00C2B9CA /* UIBarExtension.swift in Sources */ = {isa = PBXBuildFile; fileRef = FA61DC6E268F2F9D00C2B9CA /* UIBarExtension.swift */; };
		FA61DC74268F2FB100C2B9CA /* UIButton.swift in Sources */ = {isa = PBXBuildFile; fileRef = FA61DC73268F2FB100C2B9CA /* UIButton.swift */; };
		FA61DC79268F2FE900C2B9CA /* UITableViewCell.swift in Sources */ = {isa = PBXBuildFile; fileRef = FA61DC78268F2FE900C2B9CA /* UITableViewCell.swift */; };
		FA61DC7E268F2FED00C2B9CA /* UITableView+Reuse.swift.swift in Sources */ = {isa = PBXBuildFile; fileRef = FA61DC7D268F2FED00C2B9CA /* UITableView+Reuse.swift.swift */; };
		FA61DC83268F2FFE00C2B9CA /* UIAlertController.swift in Sources */ = {isa = PBXBuildFile; fileRef = FA61DC82268F2FFE00C2B9CA /* UIAlertController.swift */; };
		FA61DC88268F301C00C2B9CA /* UIWindow.swift in Sources */ = {isa = PBXBuildFile; fileRef = FA61DC87268F301C00C2B9CA /* UIWindow.swift */; };
		FA61DC8D268F302400C2B9CA /* UIImage.swift in Sources */ = {isa = PBXBuildFile; fileRef = FA61DC8C268F302400C2B9CA /* UIImage.swift */; };
		FA61DC92268F304000C2B9CA /* UINavigationController.swift in Sources */ = {isa = PBXBuildFile; fileRef = FA61DC91268F304000C2B9CA /* UINavigationController.swift */; };
		FA61DC97268F304600C2B9CA /* UICollectionView+Reuse.swift in Sources */ = {isa = PBXBuildFile; fileRef = FA61DC96268F304600C2B9CA /* UICollectionView+Reuse.swift */; };
		FA61DC9C268F304B00C2B9CA /* WKWebView.swift in Sources */ = {isa = PBXBuildFile; fileRef = FA61DC9B268F304B00C2B9CA /* WKWebView.swift */; };
		FA61DCA1268F305500C2B9CA /* ViewController+Coordinator.swift.swift in Sources */ = {isa = PBXBuildFile; fileRef = FA61DCA0268F305500C2B9CA /* ViewController+Coordinator.swift.swift */; };
		FA61DCA6268F305A00C2B9CA /* Date.swift in Sources */ = {isa = PBXBuildFile; fileRef = FA61DCA5268F305A00C2B9CA /* Date.swift */; };
		FA61DCAB268F309C00C2B9CA /* String.swift in Sources */ = {isa = PBXBuildFile; fileRef = FA61DCAA268F309B00C2B9CA /* String.swift */; };
		FA61DCB0268F30F700C2B9CA /* DispatchQueue.swift in Sources */ = {isa = PBXBuildFile; fileRef = FA61DCAF268F30F700C2B9CA /* DispatchQueue.swift */; };
		FA61DCB5268F30FD00C2B9CA /* DateFormatter.swift in Sources */ = {isa = PBXBuildFile; fileRef = FA61DCB4268F30FD00C2B9CA /* DateFormatter.swift */; };
		FA61DCBA268F310E00C2B9CA /* Encodable.swift in Sources */ = {isa = PBXBuildFile; fileRef = FA61DCB9268F310E00C2B9CA /* Encodable.swift */; };
		FA61DCBF268F311800C2B9CA /* Array.swift in Sources */ = {isa = PBXBuildFile; fileRef = FA61DCBE268F311800C2B9CA /* Array.swift */; };
		FA61DCC4268F312500C2B9CA /* Int.swift in Sources */ = {isa = PBXBuildFile; fileRef = FA61DCC3268F312500C2B9CA /* Int.swift */; };
		FA61DCCA268F313B00C2B9CA /* UITableView+DataSource.swift in Sources */ = {isa = PBXBuildFile; fileRef = FA61DCC9268F313B00C2B9CA /* UITableView+DataSource.swift */; };
		FA61DCCF268F314C00C2B9CA /* UICollectionView+DataSource.swift in Sources */ = {isa = PBXBuildFile; fileRef = FA61DCCE268F314B00C2B9CA /* UICollectionView+DataSource.swift */; };
		FA61DCD4268F316200C2B9CA /* Logger.swift in Sources */ = {isa = PBXBuildFile; fileRef = FA61DCD3268F316200C2B9CA /* Logger.swift */; };
		FA61DCD9268F316800C2B9CA /* Loader.swift in Sources */ = {isa = PBXBuildFile; fileRef = FA61DCD8268F316800C2B9CA /* Loader.swift */; };
		FA61DCDE268F317100C2B9CA /* TypeOf.swift in Sources */ = {isa = PBXBuildFile; fileRef = FA61DCDD268F317100C2B9CA /* TypeOf.swift */; };
		FA61DCE3268F317C00C2B9CA /* ValueWrapper.swift in Sources */ = {isa = PBXBuildFile; fileRef = FA61DCE2268F317C00C2B9CA /* ValueWrapper.swift */; };
		FA61DCE8268F318600C2B9CA /* Utils.swift in Sources */ = {isa = PBXBuildFile; fileRef = FA61DCE7268F318600C2B9CA /* Utils.swift */; };
		FA61DCEE268F31A600C2B9CA /* FadeAnimator.swift in Sources */ = {isa = PBXBuildFile; fileRef = FA61DCED268F31A600C2B9CA /* FadeAnimator.swift */; };
		FA61DCF3268F31B000C2B9CA /* Typealiases.swift in Sources */ = {isa = PBXBuildFile; fileRef = FA61DCF2268F31B000C2B9CA /* Typealiases.swift */; };
		FA61DD00268F341000C2B9CA /* Colors.xcassets in Resources */ = {isa = PBXBuildFile; fileRef = FA61DCFF268F341000C2B9CA /* Colors.xcassets */; };
		FA61DD0C268F34E600C2B9CA /* RoundLayerView.swift in Sources */ = {isa = PBXBuildFile; fileRef = FA61DD0B268F34E600C2B9CA /* RoundLayerView.swift */; };
		FA61DD11268F354700C2B9CA /* Auth.storyboard in Resources */ = {isa = PBXBuildFile; fileRef = FA61DD10268F354700C2B9CA /* Auth.storyboard */; };
		FA61DD16268F355100C2B9CA /* AuthViewControllerFactory.swift in Sources */ = {isa = PBXBuildFile; fileRef = FA61DD15268F355100C2B9CA /* AuthViewControllerFactory.swift */; };
		FA61DD1B268F355900C2B9CA /* AuthCoordinator.swift in Sources */ = {isa = PBXBuildFile; fileRef = FA61DD1A268F355900C2B9CA /* AuthCoordinator.swift */; };
		FA61DD22268F358A00C2B9CA /* LoginViewController.swift in Sources */ = {isa = PBXBuildFile; fileRef = FA61DD21268F358A00C2B9CA /* LoginViewController.swift */; };
		FA61DD2A268F359500C2B9CA /* LoginPresenter.swift in Sources */ = {isa = PBXBuildFile; fileRef = FA61DD29268F359500C2B9CA /* LoginPresenter.swift */; };
		FA61DD2F268F35C900C2B9CA /* TabBarController.swift in Sources */ = {isa = PBXBuildFile; fileRef = FA61DD2E268F35C900C2B9CA /* TabBarController.swift */; };
		FA61DD34268F35CF00C2B9CA /* MainCoordinator.swift in Sources */ = {isa = PBXBuildFile; fileRef = FA61DD33268F35CE00C2B9CA /* MainCoordinator.swift */; };
		FA61DD39268F35D900C2B9CA /* Main.storyboard in Resources */ = {isa = PBXBuildFile; fileRef = FA61DD38268F35D900C2B9CA /* Main.storyboard */; };
		FA61DD3E268F35E000C2B9CA /* TabBarPresenter.swift in Sources */ = {isa = PBXBuildFile; fileRef = FA61DD3D268F35DF00C2B9CA /* TabBarPresenter.swift */; };
		FA61DD4F268F37C200C2B9CA /* Localizable.strings in Resources */ = {isa = PBXBuildFile; fileRef = FA61DD4E268F37C200C2B9CA /* Localizable.strings */; };
		FA61DD7D268F3C6900C2B9CA /* MainViewControllerFactory.swift in Sources */ = {isa = PBXBuildFile; fileRef = FA61DD7C268F3C6900C2B9CA /* MainViewControllerFactory.swift */; };
		FA61DD86268F41A000C2B9CA /* Assets.generated.swift in Sources */ = {isa = PBXBuildFile; fileRef = FA61DD84268F41A000C2B9CA /* Assets.generated.swift */; };
		FA61DD87268F41A000C2B9CA /* Localizable.generated.swift in Sources */ = {isa = PBXBuildFile; fileRef = FA61DD85268F41A000C2B9CA /* Localizable.generated.swift */; };
/* End PBXBuildFile section */

/* Begin PBXContainerItemProxy section */
		FA61DB4A268F269A00C2B9CA /* PBXContainerItemProxy */ = {
			isa = PBXContainerItemProxy;
			containerPortal = FA61DB2B268F269600C2B9CA /* Project object */;
			proxyType = 1;
			remoteGlobalIDString = FA61DB32268F269600C2B9CA;
			remoteInfo = "MVP-C-Example";
		};
		FA61DB55268F269A00C2B9CA /* PBXContainerItemProxy */ = {
			isa = PBXContainerItemProxy;
			containerPortal = FA61DB2B268F269600C2B9CA /* Project object */;
			proxyType = 1;
			remoteGlobalIDString = FA61DB32268F269600C2B9CA;
			remoteInfo = "MVP-C-Example";
		};
/* End PBXContainerItemProxy section */

/* Begin PBXFileReference section */
		119B9DB8EF2D75FCBB960AD2 /* Pods-MVP-C-Example.release (production).xcconfig */ = {isa = PBXFileReference; includeInIndex = 1; lastKnownFileType = text.xcconfig; name = "Pods-MVP-C-Example.release (production).xcconfig"; path = "Target Support Files/Pods-MVP-C-Example/Pods-MVP-C-Example.release (production).xcconfig"; sourceTree = "<group>"; };
		3DED06D4082B1811DD4EC809 /* Pods_MVP_C_Example.framework */ = {isa = PBXFileReference; explicitFileType = wrapper.framework; includeInIndex = 0; path = Pods_MVP_C_Example.framework; sourceTree = BUILT_PRODUCTS_DIR; };
		57A7EF388480F246A733A16F /* Pods-MVP-C-Example.debug (development).xcconfig */ = {isa = PBXFileReference; includeInIndex = 1; lastKnownFileType = text.xcconfig; name = "Pods-MVP-C-Example.debug (development).xcconfig"; path = "Target Support Files/Pods-MVP-C-Example/Pods-MVP-C-Example.debug (development).xcconfig"; sourceTree = "<group>"; };
		81A84DBB344CA66CE94CCC8B /* Pods-MVP-C-Example.debug (staging).xcconfig */ = {isa = PBXFileReference; includeInIndex = 1; lastKnownFileType = text.xcconfig; name = "Pods-MVP-C-Example.debug (staging).xcconfig"; path = "Target Support Files/Pods-MVP-C-Example/Pods-MVP-C-Example.debug (staging).xcconfig"; sourceTree = "<group>"; };
		FA61DB33268F269600C2B9CA /* MVP-C-Example.app */ = {isa = PBXFileReference; explicitFileType = wrapper.application; includeInIndex = 0; path = "MVP-C-Example.app"; sourceTree = BUILT_PRODUCTS_DIR; };
		FA61DB36268F269600C2B9CA /* AppDelegate.swift */ = {isa = PBXFileReference; lastKnownFileType = sourcecode.swift; path = AppDelegate.swift; sourceTree = "<group>"; };
		FA61DB38268F269600C2B9CA /* SceneDelegate.swift */ = {isa = PBXFileReference; lastKnownFileType = sourcecode.swift; path = SceneDelegate.swift; sourceTree = "<group>"; };
		FA61DB3F268F269A00C2B9CA /* Images.xcassets */ = {isa = PBXFileReference; lastKnownFileType = folder.assetcatalog; path = Images.xcassets; sourceTree = "<group>"; };
		FA61DB42268F269A00C2B9CA /* Base */ = {isa = PBXFileReference; lastKnownFileType = file.storyboard; name = Base; path = Base.lproj/LaunchScreen.storyboard; sourceTree = "<group>"; };
		FA61DB44268F269A00C2B9CA /* Info.plist */ = {isa = PBXFileReference; lastKnownFileType = text.plist.xml; path = Info.plist; sourceTree = "<group>"; };
		FA61DB49268F269A00C2B9CA /* MVP-C-ExampleTests.xctest */ = {isa = PBXFileReference; explicitFileType = wrapper.cfbundle; includeInIndex = 0; path = "MVP-C-ExampleTests.xctest"; sourceTree = BUILT_PRODUCTS_DIR; };
		FA61DB4D268F269A00C2B9CA /* MVP_C_ExampleTests.swift */ = {isa = PBXFileReference; lastKnownFileType = sourcecode.swift; path = MVP_C_ExampleTests.swift; sourceTree = "<group>"; };
		FA61DB4F268F269A00C2B9CA /* Info.plist */ = {isa = PBXFileReference; lastKnownFileType = text.plist.xml; path = Info.plist; sourceTree = "<group>"; };
		FA61DB54268F269A00C2B9CA /* MVP-C-ExampleUITests.xctest */ = {isa = PBXFileReference; explicitFileType = wrapper.cfbundle; includeInIndex = 0; path = "MVP-C-ExampleUITests.xctest"; sourceTree = BUILT_PRODUCTS_DIR; };
		FA61DB58268F269A00C2B9CA /* MVP_C_ExampleUITests.swift */ = {isa = PBXFileReference; lastKnownFileType = sourcecode.swift; path = MVP_C_ExampleUITests.swift; sourceTree = "<group>"; };
		FA61DB5A268F269A00C2B9CA /* Info.plist */ = {isa = PBXFileReference; lastKnownFileType = text.plist.xml; path = Info.plist; sourceTree = "<group>"; };
		FA61DB6A268F26DF00C2B9CA /* ApplicationCoordinator.swift */ = {isa = PBXFileReference; lastKnownFileType = sourcecode.swift; path = ApplicationCoordinator.swift; sourceTree = "<group>"; };
		FA61DB74268F270600C2B9CA /* BaseCoordinator.swift */ = {isa = PBXFileReference; lastKnownFileType = sourcecode.swift; path = BaseCoordinator.swift; sourceTree = "<group>"; };
		FA61DB7C268F271A00C2B9CA /* LaunchInstructor.swift */ = {isa = PBXFileReference; lastKnownFileType = sourcecode.swift; path = LaunchInstructor.swift; sourceTree = "<group>"; };
		FA61DB81268F274100C2B9CA /* CoordinatorFactoryProtocol.swift */ = {isa = PBXFileReference; lastKnownFileType = sourcecode.swift; path = CoordinatorFactoryProtocol.swift; sourceTree = "<group>"; };
		FA61DB86268F275F00C2B9CA /* Router.swift */ = {isa = PBXFileReference; lastKnownFileType = sourcecode.swift; path = Router.swift; sourceTree = "<group>"; };
		FA61DB8B268F279E00C2B9CA /* DependencyProvider.swift */ = {isa = PBXFileReference; lastKnownFileType = sourcecode.swift; path = DependencyProvider.swift; sourceTree = "<group>"; };
		FA61DB94268F280D00C2B9CA /* Services.swift */ = {isa = PBXFileReference; lastKnownFileType = sourcecode.swift; path = Services.swift; sourceTree = "<group>"; };
		FA61DB9E268F289B00C2B9CA /* Networker.swift */ = {isa = PBXFileReference; lastKnownFileType = sourcecode.swift; path = Networker.swift; sourceTree = "<group>"; };
		FA61DBA6268F294100C2B9CA /* EndPointType.swift */ = {isa = PBXFileReference; lastKnownFileType = sourcecode.swift; path = EndPointType.swift; sourceTree = "<group>"; };
		FA61DBAC268F295900C2B9CA /* AuthRequester.swift */ = {isa = PBXFileReference; lastKnownFileType = sourcecode.swift; path = AuthRequester.swift; sourceTree = "<group>"; };
		FA61DBB4268F29E800C2B9CA /* UserRequester.swift */ = {isa = PBXFileReference; lastKnownFileType = sourcecode.swift; path = UserRequester.swift; sourceTree = "<group>"; };
		FA61DBBA268F2A6900C2B9CA /* TokenStorage.swift */ = {isa = PBXFileReference; lastKnownFileType = sourcecode.swift; path = TokenStorage.swift; sourceTree = "<group>"; };
		FA61DBC3268F2A9200C2B9CA /* Keychain.swift */ = {isa = PBXFileReference; lastKnownFileType = sourcecode.swift; path = Keychain.swift; sourceTree = "<group>"; };
		FA61DBCC268F2ACA00C2B9CA /* RealmStorage.swift */ = {isa = PBXFileReference; lastKnownFileType = sourcecode.swift; path = RealmStorage.swift; sourceTree = "<group>"; };
		FA61DBD4268F2ADD00C2B9CA /* RealmMigrationHandler.swift */ = {isa = PBXFileReference; lastKnownFileType = sourcecode.swift; path = RealmMigrationHandler.swift; sourceTree = "<group>"; };
		FA61DBDA268F2B0700C2B9CA /* UserService.swift */ = {isa = PBXFileReference; lastKnownFileType = sourcecode.swift; path = UserService.swift; sourceTree = "<group>"; };
		FA61DBE2268F2B9100C2B9CA /* AuthService.swift */ = {isa = PBXFileReference; lastKnownFileType = sourcecode.swift; path = AuthService.swift; sourceTree = "<group>"; };
		FA61DBE8268F2BEE00C2B9CA /* BiometricsService.swift */ = {isa = PBXFileReference; lastKnownFileType = sourcecode.swift; path = BiometricsService.swift; sourceTree = "<group>"; };
		FA61DBF0268F2BFD00C2B9CA /* FileService.swift */ = {isa = PBXFileReference; lastKnownFileType = sourcecode.swift; path = FileService.swift; sourceTree = "<group>"; };
		FA61DBF7268F2C3000C2B9CA /* User.swift */ = {isa = PBXFileReference; lastKnownFileType = sourcecode.swift; path = User.swift; sourceTree = "<group>"; };
		FA61DC01268F2C6200C2B9CA /* LogIn.swift */ = {isa = PBXFileReference; lastKnownFileType = sourcecode.swift; path = LogIn.swift; sourceTree = "<group>"; };
		FA61DC09268F2C8800C2B9CA /* Profile.swift */ = {isa = PBXFileReference; lastKnownFileType = sourcecode.swift; path = Profile.swift; sourceTree = "<group>"; };
		FA61DC0F268F2D2C00C2B9CA /* ErrorMessage.swift */ = {isa = PBXFileReference; lastKnownFileType = sourcecode.swift; path = ErrorMessage.swift; sourceTree = "<group>"; };
		FA61DC19268F2D9700C2B9CA /* BaseCell.swift */ = {isa = PBXFileReference; lastKnownFileType = sourcecode.swift; path = BaseCell.swift; sourceTree = "<group>"; };
		FA61DC21268F2DA700C2B9CA /* BaseViewController.swift */ = {isa = PBXFileReference; lastKnownFileType = sourcecode.swift; path = BaseViewController.swift; sourceTree = "<group>"; };
		FA61DC27268F2DCD00C2B9CA /* Configuration.swift */ = {isa = PBXFileReference; lastKnownFileType = sourcecode.swift; path = Configuration.swift; sourceTree = "<group>"; };
		FA61DC2F268F2DE200C2B9CA /* Development.xcconfig */ = {isa = PBXFileReference; fileEncoding = 4; lastKnownFileType = text.xcconfig; path = Development.xcconfig; sourceTree = "<group>"; };
		FA61DC34268F2DE700C2B9CA /* Production.xcconfig */ = {isa = PBXFileReference; fileEncoding = 4; lastKnownFileType = text.xcconfig; path = Production.xcconfig; sourceTree = "<group>"; };
		FA61DC39268F2DED00C2B9CA /* Staging.xcconfig */ = {isa = PBXFileReference; fileEncoding = 4; lastKnownFileType = text.xcconfig; path = Staging.xcconfig; sourceTree = "<group>"; };
		FA61DC3F268F2E6D00C2B9CA /* Constants.swift */ = {isa = PBXFileReference; lastKnownFileType = sourcecode.swift; path = Constants.swift; sourceTree = "<group>"; };
		FA61DC47268F2EB200C2B9CA /* PlaceholderTextView.swift */ = {isa = PBXFileReference; lastKnownFileType = sourcecode.swift; path = PlaceholderTextView.swift; sourceTree = "<group>"; };
		FA61DC4D268F2ED600C2B9CA /* NSCollectionLayoutSection.swift */ = {isa = PBXFileReference; lastKnownFileType = sourcecode.swift; path = NSCollectionLayoutSection.swift; sourceTree = "<group>"; };
		FA61DC55268F2F1B00C2B9CA /* UIStoryboard.swift */ = {isa = PBXFileReference; lastKnownFileType = sourcecode.swift; path = UIStoryboard.swift; sourceTree = "<group>"; };
		FA61DC5A268F2F4700C2B9CA /* UIViewController.swift */ = {isa = PBXFileReference; lastKnownFileType = sourcecode.swift; path = UIViewController.swift; sourceTree = "<group>"; };
		FA61DC5F268F2F6A00C2B9CA /* UICollectionView.swift */ = {isa = PBXFileReference; fileEncoding = 4; lastKnownFileType = sourcecode.swift; path = UICollectionView.swift; sourceTree = "<group>"; };
		FA61DC64268F2F8600C2B9CA /* UITableView.swift */ = {isa = PBXFileReference; fileEncoding = 4; lastKnownFileType = sourcecode.swift; path = UITableView.swift; sourceTree = "<group>"; };
		FA61DC69268F2F8D00C2B9CA /* UIView.swift */ = {isa = PBXFileReference; fileEncoding = 4; lastKnownFileType = sourcecode.swift; path = UIView.swift; sourceTree = "<group>"; };
		FA61DC6E268F2F9D00C2B9CA /* UIBarExtension.swift */ = {isa = PBXFileReference; fileEncoding = 4; lastKnownFileType = sourcecode.swift; path = UIBarExtension.swift; sourceTree = "<group>"; };
		FA61DC73268F2FB100C2B9CA /* UIButton.swift */ = {isa = PBXFileReference; fileEncoding = 4; lastKnownFileType = sourcecode.swift; path = UIButton.swift; sourceTree = "<group>"; };
		FA61DC78268F2FE900C2B9CA /* UITableViewCell.swift */ = {isa = PBXFileReference; fileEncoding = 4; lastKnownFileType = sourcecode.swift; path = UITableViewCell.swift; sourceTree = "<group>"; };
		FA61DC7D268F2FED00C2B9CA /* UITableView+Reuse.swift.swift */ = {isa = PBXFileReference; fileEncoding = 4; lastKnownFileType = sourcecode.swift; path = "UITableView+Reuse.swift.swift"; sourceTree = "<group>"; };
		FA61DC82268F2FFE00C2B9CA /* UIAlertController.swift */ = {isa = PBXFileReference; fileEncoding = 4; lastKnownFileType = sourcecode.swift; path = UIAlertController.swift; sourceTree = "<group>"; };
		FA61DC87268F301C00C2B9CA /* UIWindow.swift */ = {isa = PBXFileReference; fileEncoding = 4; lastKnownFileType = sourcecode.swift; path = UIWindow.swift; sourceTree = "<group>"; };
		FA61DC8C268F302400C2B9CA /* UIImage.swift */ = {isa = PBXFileReference; fileEncoding = 4; lastKnownFileType = sourcecode.swift; path = UIImage.swift; sourceTree = "<group>"; };
		FA61DC91268F304000C2B9CA /* UINavigationController.swift */ = {isa = PBXFileReference; fileEncoding = 4; lastKnownFileType = sourcecode.swift; path = UINavigationController.swift; sourceTree = "<group>"; };
		FA61DC96268F304600C2B9CA /* UICollectionView+Reuse.swift */ = {isa = PBXFileReference; fileEncoding = 4; lastKnownFileType = sourcecode.swift; path = "UICollectionView+Reuse.swift"; sourceTree = "<group>"; };
		FA61DC9B268F304B00C2B9CA /* WKWebView.swift */ = {isa = PBXFileReference; fileEncoding = 4; lastKnownFileType = sourcecode.swift; path = WKWebView.swift; sourceTree = "<group>"; };
		FA61DCA0268F305500C2B9CA /* ViewController+Coordinator.swift.swift */ = {isa = PBXFileReference; fileEncoding = 4; lastKnownFileType = sourcecode.swift; path = "ViewController+Coordinator.swift.swift"; sourceTree = "<group>"; };
		FA61DCA5268F305A00C2B9CA /* Date.swift */ = {isa = PBXFileReference; fileEncoding = 4; lastKnownFileType = sourcecode.swift; path = Date.swift; sourceTree = "<group>"; };
		FA61DCAA268F309B00C2B9CA /* String.swift */ = {isa = PBXFileReference; fileEncoding = 4; lastKnownFileType = sourcecode.swift; path = String.swift; sourceTree = "<group>"; };
		FA61DCAF268F30F700C2B9CA /* DispatchQueue.swift */ = {isa = PBXFileReference; fileEncoding = 4; lastKnownFileType = sourcecode.swift; path = DispatchQueue.swift; sourceTree = "<group>"; };
		FA61DCB4268F30FD00C2B9CA /* DateFormatter.swift */ = {isa = PBXFileReference; fileEncoding = 4; lastKnownFileType = sourcecode.swift; path = DateFormatter.swift; sourceTree = "<group>"; };
		FA61DCB9268F310E00C2B9CA /* Encodable.swift */ = {isa = PBXFileReference; fileEncoding = 4; lastKnownFileType = sourcecode.swift; path = Encodable.swift; sourceTree = "<group>"; };
		FA61DCBE268F311800C2B9CA /* Array.swift */ = {isa = PBXFileReference; fileEncoding = 4; lastKnownFileType = sourcecode.swift; path = Array.swift; sourceTree = "<group>"; };
		FA61DCC3268F312500C2B9CA /* Int.swift */ = {isa = PBXFileReference; fileEncoding = 4; lastKnownFileType = sourcecode.swift; path = Int.swift; sourceTree = "<group>"; };
		FA61DCC9268F313B00C2B9CA /* UITableView+DataSource.swift */ = {isa = PBXFileReference; fileEncoding = 4; lastKnownFileType = sourcecode.swift; path = "UITableView+DataSource.swift"; sourceTree = "<group>"; };
		FA61DCCE268F314B00C2B9CA /* UICollectionView+DataSource.swift */ = {isa = PBXFileReference; fileEncoding = 4; lastKnownFileType = sourcecode.swift; path = "UICollectionView+DataSource.swift"; sourceTree = "<group>"; };
		FA61DCD3268F316200C2B9CA /* Logger.swift */ = {isa = PBXFileReference; fileEncoding = 4; lastKnownFileType = sourcecode.swift; path = Logger.swift; sourceTree = "<group>"; };
		FA61DCD8268F316800C2B9CA /* Loader.swift */ = {isa = PBXFileReference; fileEncoding = 4; lastKnownFileType = sourcecode.swift; path = Loader.swift; sourceTree = "<group>"; };
		FA61DCDD268F317100C2B9CA /* TypeOf.swift */ = {isa = PBXFileReference; fileEncoding = 4; lastKnownFileType = sourcecode.swift; path = TypeOf.swift; sourceTree = "<group>"; };
		FA61DCE2268F317C00C2B9CA /* ValueWrapper.swift */ = {isa = PBXFileReference; fileEncoding = 4; lastKnownFileType = sourcecode.swift; path = ValueWrapper.swift; sourceTree = "<group>"; };
		FA61DCE7268F318600C2B9CA /* Utils.swift */ = {isa = PBXFileReference; fileEncoding = 4; lastKnownFileType = sourcecode.swift; path = Utils.swift; sourceTree = "<group>"; };
		FA61DCED268F31A600C2B9CA /* FadeAnimator.swift */ = {isa = PBXFileReference; fileEncoding = 4; lastKnownFileType = sourcecode.swift; path = FadeAnimator.swift; sourceTree = "<group>"; };
		FA61DCF2268F31B000C2B9CA /* Typealiases.swift */ = {isa = PBXFileReference; fileEncoding = 4; lastKnownFileType = sourcecode.swift; path = Typealiases.swift; sourceTree = "<group>"; };
		FA61DCFF268F341000C2B9CA /* Colors.xcassets */ = {isa = PBXFileReference; lastKnownFileType = folder.assetcatalog; path = Colors.xcassets; sourceTree = "<group>"; };
		FA61DD0B268F34E600C2B9CA /* RoundLayerView.swift */ = {isa = PBXFileReference; fileEncoding = 4; lastKnownFileType = sourcecode.swift; path = RoundLayerView.swift; sourceTree = "<group>"; };
		FA61DD10268F354700C2B9CA /* Auth.storyboard */ = {isa = PBXFileReference; fileEncoding = 4; lastKnownFileType = file.storyboard; path = Auth.storyboard; sourceTree = "<group>"; };
		FA61DD15268F355100C2B9CA /* AuthViewControllerFactory.swift */ = {isa = PBXFileReference; fileEncoding = 4; lastKnownFileType = sourcecode.swift; path = AuthViewControllerFactory.swift; sourceTree = "<group>"; };
		FA61DD1A268F355900C2B9CA /* AuthCoordinator.swift */ = {isa = PBXFileReference; fileEncoding = 4; lastKnownFileType = sourcecode.swift; path = AuthCoordinator.swift; sourceTree = "<group>"; };
		FA61DD21268F358A00C2B9CA /* LoginViewController.swift */ = {isa = PBXFileReference; fileEncoding = 4; lastKnownFileType = sourcecode.swift; path = LoginViewController.swift; sourceTree = "<group>"; };
		FA61DD29268F359500C2B9CA /* LoginPresenter.swift */ = {isa = PBXFileReference; fileEncoding = 4; lastKnownFileType = sourcecode.swift; path = LoginPresenter.swift; sourceTree = "<group>"; };
		FA61DD2E268F35C900C2B9CA /* TabBarController.swift */ = {isa = PBXFileReference; fileEncoding = 4; lastKnownFileType = sourcecode.swift; path = TabBarController.swift; sourceTree = "<group>"; };
		FA61DD33268F35CE00C2B9CA /* MainCoordinator.swift */ = {isa = PBXFileReference; fileEncoding = 4; lastKnownFileType = sourcecode.swift; path = MainCoordinator.swift; sourceTree = "<group>"; };
		FA61DD38268F35D900C2B9CA /* Main.storyboard */ = {isa = PBXFileReference; fileEncoding = 4; lastKnownFileType = file.storyboard; path = Main.storyboard; sourceTree = "<group>"; };
		FA61DD3D268F35DF00C2B9CA /* TabBarPresenter.swift */ = {isa = PBXFileReference; fileEncoding = 4; lastKnownFileType = sourcecode.swift; path = TabBarPresenter.swift; sourceTree = "<group>"; };
		FA61DD4E268F37C200C2B9CA /* Localizable.strings */ = {isa = PBXFileReference; fileEncoding = 4; lastKnownFileType = text.plist.strings; path = Localizable.strings; sourceTree = "<group>"; };
		FA61DD7C268F3C6900C2B9CA /* MainViewControllerFactory.swift */ = {isa = PBXFileReference; fileEncoding = 4; lastKnownFileType = sourcecode.swift; path = MainViewControllerFactory.swift; sourceTree = "<group>"; };
		FA61DD84268F41A000C2B9CA /* Assets.generated.swift */ = {isa = PBXFileReference; fileEncoding = 4; lastKnownFileType = sourcecode.swift; path = Assets.generated.swift; sourceTree = "<group>"; };
		FA61DD85268F41A000C2B9CA /* Localizable.generated.swift */ = {isa = PBXFileReference; fileEncoding = 4; lastKnownFileType = sourcecode.swift; path = Localizable.generated.swift; sourceTree = "<group>"; };
/* End PBXFileReference section */

/* Begin PBXFrameworksBuildPhase section */
		FA61DB30268F269600C2B9CA /* Frameworks */ = {
			isa = PBXFrameworksBuildPhase;
			buildActionMask = 2147483647;
			files = (
				C67F75B816A8645C733BE525 /* Pods_MVP_C_Example.framework in Frameworks */,
			);
			runOnlyForDeploymentPostprocessing = 0;
		};
		FA61DB46268F269A00C2B9CA /* Frameworks */ = {
			isa = PBXFrameworksBuildPhase;
			buildActionMask = 2147483647;
			files = (
			);
			runOnlyForDeploymentPostprocessing = 0;
		};
		FA61DB51268F269A00C2B9CA /* Frameworks */ = {
			isa = PBXFrameworksBuildPhase;
			buildActionMask = 2147483647;
			files = (
			);
			runOnlyForDeploymentPostprocessing = 0;
		};
/* End PBXFrameworksBuildPhase section */

/* Begin PBXGroup section */
		9333591584632305CB5E72C7 /* Pods */ = {
			isa = PBXGroup;
			children = (
				57A7EF388480F246A733A16F /* Pods-MVP-C-Example.debug (development).xcconfig */,
				81A84DBB344CA66CE94CCC8B /* Pods-MVP-C-Example.debug (staging).xcconfig */,
				119B9DB8EF2D75FCBB960AD2 /* Pods-MVP-C-Example.release (production).xcconfig */,
			);
			path = Pods;
			sourceTree = "<group>";
		};
		EE9ACDED158C5FD9931F5D14 /* Frameworks */ = {
			isa = PBXGroup;
			children = (
				3DED06D4082B1811DD4EC809 /* Pods_MVP_C_Example.framework */,
			);
			name = Frameworks;
			sourceTree = "<group>";
		};
		FA61DB2A268F269600C2B9CA = {
			isa = PBXGroup;
			children = (
				FA61DB35268F269600C2B9CA /* MVP-C-Example */,
				FA61DB4C268F269A00C2B9CA /* MVP-C-ExampleTests */,
				FA61DB57268F269A00C2B9CA /* MVP-C-ExampleUITests */,
				FA61DB34268F269600C2B9CA /* Products */,
				9333591584632305CB5E72C7 /* Pods */,
				EE9ACDED158C5FD9931F5D14 /* Frameworks */,
			);
			sourceTree = "<group>";
		};
		FA61DB34268F269600C2B9CA /* Products */ = {
			isa = PBXGroup;
			children = (
				FA61DB33268F269600C2B9CA /* MVP-C-Example.app */,
				FA61DB49268F269A00C2B9CA /* MVP-C-ExampleTests.xctest */,
				FA61DB54268F269A00C2B9CA /* MVP-C-ExampleUITests.xctest */,
			);
			name = Products;
			sourceTree = "<group>";
		};
		FA61DB35268F269600C2B9CA /* MVP-C-Example */ = {
			isa = PBXGroup;
			children = (
				FA61DB69268F26CE00C2B9CA /* ApplicationLayer */,
				FA61DB93268F27EE00C2B9CA /* BusinessLogicLayer */,
				FA61DB72268F26EE00C2B9CA /* CoreLayer */,
				FA61DD07268F34A500C2B9CA /* PresentationLayer */,
				FA61DCF8268F31E500C2B9CA /* Resources */,
				FA61DCF9268F325E00C2B9CA /* Supporting Files */,
			);
			path = "MVP-C-Example";
			sourceTree = "<group>";
		};
		FA61DB4C268F269A00C2B9CA /* MVP-C-ExampleTests */ = {
			isa = PBXGroup;
			children = (
				FA61DB4D268F269A00C2B9CA /* MVP_C_ExampleTests.swift */,
				FA61DB4F268F269A00C2B9CA /* Info.plist */,
			);
			path = "MVP-C-ExampleTests";
			sourceTree = "<group>";
		};
		FA61DB57268F269A00C2B9CA /* MVP-C-ExampleUITests */ = {
			isa = PBXGroup;
			children = (
				FA61DB58268F269A00C2B9CA /* MVP_C_ExampleUITests.swift */,
				FA61DB5A268F269A00C2B9CA /* Info.plist */,
			);
			path = "MVP-C-ExampleUITests";
			sourceTree = "<group>";
		};
		FA61DB69268F26CE00C2B9CA /* ApplicationLayer */ = {
			isa = PBXGroup;
			children = (
				FA61DB36268F269600C2B9CA /* AppDelegate.swift */,
				FA61DB6A268F26DF00C2B9CA /* ApplicationCoordinator.swift */,
				FA61DB8B268F279E00C2B9CA /* DependencyProvider.swift */,
				FA61DB38268F269600C2B9CA /* SceneDelegate.swift */,
			);
			path = ApplicationLayer;
			sourceTree = "<group>";
		};
		FA61DB72268F26EE00C2B9CA /* CoreLayer */ = {
			isa = PBXGroup;
			children = (
				FA61DC17268F2D7000C2B9CA /* Autogenerated */,
				FA61DC18268F2D8D00C2B9CA /* BaseClases */,
				FA61DC26268F2DBF00C2B9CA /* Configurations */,
				FA61DC3E268F2E6800C2B9CA /* Constants */,
				FA61DB73268F26F900C2B9CA /* Coordinator */,
				FA61DC4C268F2ECC00C2B9CA /* Extension */,
				FA61DCC8268F313600C2B9CA /* Generics */,
				FA61DBC2268F2A8800C2B9CA /* Helpers */,
				FA61DCEC268F31A100C2B9CA /* Transitions */,
			);
			path = CoreLayer;
			sourceTree = "<group>";
		};
		FA61DB73268F26F900C2B9CA /* Coordinator */ = {
			isa = PBXGroup;
			children = (
				FA61DB74268F270600C2B9CA /* BaseCoordinator.swift */,
				FA61DB81268F274100C2B9CA /* CoordinatorFactoryProtocol.swift */,
				FA61DB7C268F271A00C2B9CA /* LaunchInstructor.swift */,
				FA61DB86268F275F00C2B9CA /* Router.swift */,
			);
			path = Coordinator;
			sourceTree = "<group>";
		};
		FA61DB93268F27EE00C2B9CA /* BusinessLogicLayer */ = {
			isa = PBXGroup;
			children = (
				FA61DBF5268F2C2000C2B9CA /* Models */,
				FA61DB9C268F281100C2B9CA /* Services */,
			);
			path = BusinessLogicLayer;
			sourceTree = "<group>";
		};
		FA61DB9C268F281100C2B9CA /* Services */ = {
			isa = PBXGroup;
			children = (
				FA61DBE7268F2BDE00C2B9CA /* AdditionalServices */,
				FA61DBCB268F2AC100C2B9CA /* DataBase */,
				FA61DBD9268F2AFA00C2B9CA /* ModuleServices */,
				FA61DB9D268F288B00C2B9CA /* Networking */,
				FA61DB94268F280D00C2B9CA /* Services.swift */,
			);
			path = Services;
			sourceTree = "<group>";
		};
		FA61DB9D268F288B00C2B9CA /* Networking */ = {
			isa = PBXGroup;
			children = (
				FA61DBA6268F294100C2B9CA /* EndPointType.swift */,
				FA61DB9E268F289B00C2B9CA /* Networker.swift */,
				FA61DBAB268F294C00C2B9CA /* Requester */,
				FA61DBB9268F2A6000C2B9CA /* TokenStorage */,
			);
			path = Networking;
			sourceTree = "<group>";
		};
		FA61DBAB268F294C00C2B9CA /* Requester */ = {
			isa = PBXGroup;
			children = (
				FA61DBAC268F295900C2B9CA /* AuthRequester.swift */,
				FA61DBB4268F29E800C2B9CA /* UserRequester.swift */,
			);
			path = Requester;
			sourceTree = "<group>";
		};
		FA61DBB9268F2A6000C2B9CA /* TokenStorage */ = {
			isa = PBXGroup;
			children = (
				FA61DBBA268F2A6900C2B9CA /* TokenStorage.swift */,
			);
			path = TokenStorage;
			sourceTree = "<group>";
		};
		FA61DBC2268F2A8800C2B9CA /* Helpers */ = {
			isa = PBXGroup;
			children = (
				FA61DBC3268F2A9200C2B9CA /* Keychain.swift */,
				FA61DCD8268F316800C2B9CA /* Loader.swift */,
				FA61DCD3268F316200C2B9CA /* Logger.swift */,
				FA61DC47268F2EB200C2B9CA /* PlaceholderTextView.swift */,
				FA61DCF2268F31B000C2B9CA /* Typealiases.swift */,
				FA61DCDD268F317100C2B9CA /* TypeOf.swift */,
				FA61DCE7268F318600C2B9CA /* Utils.swift */,
				FA61DCE2268F317C00C2B9CA /* ValueWrapper.swift */,
			);
			path = Helpers;
			sourceTree = "<group>";
		};
		FA61DBCB268F2AC100C2B9CA /* DataBase */ = {
			isa = PBXGroup;
			children = (
				FA61DBCC268F2ACA00C2B9CA /* RealmStorage.swift */,
				FA61DBD4268F2ADD00C2B9CA /* RealmMigrationHandler.swift */,
			);
			path = DataBase;
			sourceTree = "<group>";
		};
		FA61DBD9268F2AFA00C2B9CA /* ModuleServices */ = {
			isa = PBXGroup;
			children = (
				FA61DBE2268F2B9100C2B9CA /* AuthService.swift */,
				FA61DBDA268F2B0700C2B9CA /* UserService.swift */,
			);
			path = ModuleServices;
			sourceTree = "<group>";
		};
		FA61DBE7268F2BDE00C2B9CA /* AdditionalServices */ = {
			isa = PBXGroup;
			children = (
				FA61DBE8268F2BEE00C2B9CA /* BiometricsService.swift */,
				FA61DBF0268F2BFD00C2B9CA /* FileService.swift */,
			);
			path = AdditionalServices;
			sourceTree = "<group>";
		};
		FA61DBF5268F2C2000C2B9CA /* Models */ = {
			isa = PBXGroup;
			children = (
				FA61DBFF268F2C5100C2B9CA /* Networking */,
				FA61DBF6268F2C2600C2B9CA /* DataBase */,
			);
			path = Models;
			sourceTree = "<group>";
		};
		FA61DBF6268F2C2600C2B9CA /* DataBase */ = {
			isa = PBXGroup;
			children = (
				FA61DBF7268F2C3000C2B9CA /* User.swift */,
			);
			path = DataBase;
			sourceTree = "<group>";
		};
		FA61DBFF268F2C5100C2B9CA /* Networking */ = {
			isa = PBXGroup;
			children = (
				FA61DC0F268F2D2C00C2B9CA /* ErrorMessage.swift */,
				FA61DC01268F2C6200C2B9CA /* LogIn.swift */,
				FA61DC09268F2C8800C2B9CA /* Profile.swift */,
			);
			path = Networking;
			sourceTree = "<group>";
		};
		FA61DC17268F2D7000C2B9CA /* Autogenerated */ = {
			isa = PBXGroup;
			children = (
				FA61DD84268F41A000C2B9CA /* Assets.generated.swift */,
				FA61DD85268F41A000C2B9CA /* Localizable.generated.swift */,
			);
			path = Autogenerated;
			sourceTree = "<group>";
		};
		FA61DC18268F2D8D00C2B9CA /* BaseClases */ = {
			isa = PBXGroup;
			children = (
				FA61DC19268F2D9700C2B9CA /* BaseCell.swift */,
				FA61DC21268F2DA700C2B9CA /* BaseViewController.swift */,
			);
			path = BaseClases;
			sourceTree = "<group>";
		};
		FA61DC26268F2DBF00C2B9CA /* Configurations */ = {
			isa = PBXGroup;
			children = (
				FA61DC27268F2DCD00C2B9CA /* Configuration.swift */,
				FA61DC2F268F2DE200C2B9CA /* Development.xcconfig */,
				FA61DC34268F2DE700C2B9CA /* Production.xcconfig */,
				FA61DC39268F2DED00C2B9CA /* Staging.xcconfig */,
			);
			path = Configurations;
			sourceTree = "<group>";
		};
		FA61DC3E268F2E6800C2B9CA /* Constants */ = {
			isa = PBXGroup;
			children = (
				FA61DC3F268F2E6D00C2B9CA /* Constants.swift */,
			);
			path = Constants;
			sourceTree = "<group>";
		};
		FA61DC4C268F2ECC00C2B9CA /* Extension */ = {
			isa = PBXGroup;
			children = (
				FA61DCBE268F311800C2B9CA /* Array.swift */,
				FA61DCA5268F305A00C2B9CA /* Date.swift */,
				FA61DCB4268F30FD00C2B9CA /* DateFormatter.swift */,
				FA61DCAF268F30F700C2B9CA /* DispatchQueue.swift */,
				FA61DCB9268F310E00C2B9CA /* Encodable.swift */,
				FA61DCC3268F312500C2B9CA /* Int.swift */,
				FA61DC4D268F2ED600C2B9CA /* NSCollectionLayoutSection.swift */,
				FA61DCAA268F309B00C2B9CA /* String.swift */,
				FA61DC82268F2FFE00C2B9CA /* UIAlertController.swift */,
				FA61DC6E268F2F9D00C2B9CA /* UIBarExtension.swift */,
				FA61DC73268F2FB100C2B9CA /* UIButton.swift */,
				FA61DC5F268F2F6A00C2B9CA /* UICollectionView.swift */,
				FA61DC96268F304600C2B9CA /* UICollectionView+Reuse.swift */,
				FA61DC8C268F302400C2B9CA /* UIImage.swift */,
				FA61DC91268F304000C2B9CA /* UINavigationController.swift */,
				FA61DC55268F2F1B00C2B9CA /* UIStoryboard.swift */,
				FA61DC64268F2F8600C2B9CA /* UITableView.swift */,
				FA61DC7D268F2FED00C2B9CA /* UITableView+Reuse.swift.swift */,
				FA61DC78268F2FE900C2B9CA /* UITableViewCell.swift */,
				FA61DC69268F2F8D00C2B9CA /* UIView.swift */,
				FA61DC5A268F2F4700C2B9CA /* UIViewController.swift */,
				FA61DC87268F301C00C2B9CA /* UIWindow.swift */,
				FA61DCA0268F305500C2B9CA /* ViewController+Coordinator.swift.swift */,
				FA61DC9B268F304B00C2B9CA /* WKWebView.swift */,
			);
			path = Extension;
			sourceTree = "<group>";
		};
		FA61DCC8268F313600C2B9CA /* Generics */ = {
			isa = PBXGroup;
			children = (
				FA61DCCE268F314B00C2B9CA /* UICollectionView+DataSource.swift */,
				FA61DCC9268F313B00C2B9CA /* UITableView+DataSource.swift */,
			);
			path = Generics;
			sourceTree = "<group>";
		};
		FA61DCEC268F31A100C2B9CA /* Transitions */ = {
			isa = PBXGroup;
			children = (
				FA61DCED268F31A600C2B9CA /* FadeAnimator.swift */,
			);
			path = Transitions;
			sourceTree = "<group>";
		};
		FA61DCF8268F31E500C2B9CA /* Resources */ = {
			isa = PBXGroup;
			children = (
				FA61DD4D268F37BB00C2B9CA /* Localizations */,
				FA61DB3F268F269A00C2B9CA /* Images.xcassets */,
				FA61DCFF268F341000C2B9CA /* Colors.xcassets */,
			);
			path = Resources;
			sourceTree = "<group>";
		};
		FA61DCF9268F325E00C2B9CA /* Supporting Files */ = {
			isa = PBXGroup;
			children = (
				FA61DB41268F269A00C2B9CA /* LaunchScreen.storyboard */,
				FA61DB44268F269A00C2B9CA /* Info.plist */,
			);
			path = "Supporting Files";
			sourceTree = "<group>";
		};
		FA61DD07268F34A500C2B9CA /* PresentationLayer */ = {
			isa = PBXGroup;
			children = (
				FA61DD08268F34B500C2B9CA /* Auth */,
				FA61DD09268F34B900C2B9CA /* Main */,
				FA61DD0A268F34C700C2B9CA /* UIComponents */,
			);
			path = PresentationLayer;
			sourceTree = "<group>";
		};
		FA61DD08268F34B500C2B9CA /* Auth */ = {
			isa = PBXGroup;
			children = (
				FA61DD10268F354700C2B9CA /* Auth.storyboard */,
				FA61DD15268F355100C2B9CA /* AuthViewControllerFactory.swift */,
				FA61DD1A268F355900C2B9CA /* AuthCoordinator.swift */,
				FA61DD1F268F355E00C2B9CA /* Login */,
			);
			path = Auth;
			sourceTree = "<group>";
		};
		FA61DD09268F34B900C2B9CA /* Main */ = {
			isa = PBXGroup;
			children = (
				FA61DD38268F35D900C2B9CA /* Main.storyboard */,
				FA61DD2E268F35C900C2B9CA /* TabBarController.swift */,
				FA61DD3D268F35DF00C2B9CA /* TabBarPresenter.swift */,
				FA61DD7C268F3C6900C2B9CA /* MainViewControllerFactory.swift */,
				FA61DD33268F35CE00C2B9CA /* MainCoordinator.swift */,
			);
			path = Main;
			sourceTree = "<group>";
		};
		FA61DD0A268F34C700C2B9CA /* UIComponents */ = {
			isa = PBXGroup;
			children = (
				FA61DD0B268F34E600C2B9CA /* RoundLayerView.swift */,
			);
			path = UIComponents;
			sourceTree = "<group>";
		};
		FA61DD1F268F355E00C2B9CA /* Login */ = {
			isa = PBXGroup;
			children = (
				FA61DD29268F359500C2B9CA /* LoginPresenter.swift */,
				FA61DD21268F358A00C2B9CA /* LoginViewController.swift */,
			);
			path = Login;
			sourceTree = "<group>";
		};
		FA61DD4D268F37BB00C2B9CA /* Localizations */ = {
			isa = PBXGroup;
			children = (
				FA61DD4E268F37C200C2B9CA /* Localizable.strings */,
			);
			path = Localizations;
			sourceTree = "<group>";
		};
/* End PBXGroup section */

/* Begin PBXNativeTarget section */
		FA61DB32268F269600C2B9CA /* MVP-C-Example */ = {
			isa = PBXNativeTarget;
			buildConfigurationList = FA61DB5D268F269A00C2B9CA /* Build configuration list for PBXNativeTarget "MVP-C-Example" */;
			buildPhases = (
				942ED8FB6438A1A73BA6D1C0 /* [CP] Check Pods Manifest.lock */,
				FA61DB2F268F269600C2B9CA /* Sources */,
				FA61DB30268F269600C2B9CA /* Frameworks */,
				FA61DB31268F269600C2B9CA /* Resources */,
				FA61DD5F268F391700C2B9CA /* warnings script */,
				FA61DD63268F393000C2B9CA /* Run Script [SwiftGen] */,
				BBADFA0963D1C4915005A74D /* [CP] Embed Pods Frameworks */,
			);
			buildRules = (
			);
			dependencies = (
			);
			name = "MVP-C-Example";
			productName = "MVP-C-Example";
			productReference = FA61DB33268F269600C2B9CA /* MVP-C-Example.app */;
			productType = "com.apple.product-type.application";
		};
		FA61DB48268F269A00C2B9CA /* MVP-C-ExampleTests */ = {
			isa = PBXNativeTarget;
			buildConfigurationList = FA61DB60268F269A00C2B9CA /* Build configuration list for PBXNativeTarget "MVP-C-ExampleTests" */;
			buildPhases = (
				FA61DB45268F269A00C2B9CA /* Sources */,
				FA61DB46268F269A00C2B9CA /* Frameworks */,
				FA61DB47268F269A00C2B9CA /* Resources */,
			);
			buildRules = (
			);
			dependencies = (
				FA61DB4B268F269A00C2B9CA /* PBXTargetDependency */,
			);
			name = "MVP-C-ExampleTests";
			productName = "MVP-C-ExampleTests";
			productReference = FA61DB49268F269A00C2B9CA /* MVP-C-ExampleTests.xctest */;
			productType = "com.apple.product-type.bundle.unit-test";
		};
		FA61DB53268F269A00C2B9CA /* MVP-C-ExampleUITests */ = {
			isa = PBXNativeTarget;
			buildConfigurationList = FA61DB63268F269A00C2B9CA /* Build configuration list for PBXNativeTarget "MVP-C-ExampleUITests" */;
			buildPhases = (
				FA61DB50268F269A00C2B9CA /* Sources */,
				FA61DB51268F269A00C2B9CA /* Frameworks */,
				FA61DB52268F269A00C2B9CA /* Resources */,
			);
			buildRules = (
			);
			dependencies = (
				FA61DB56268F269A00C2B9CA /* PBXTargetDependency */,
			);
			name = "MVP-C-ExampleUITests";
			productName = "MVP-C-ExampleUITests";
			productReference = FA61DB54268F269A00C2B9CA /* MVP-C-ExampleUITests.xctest */;
			productType = "com.apple.product-type.bundle.ui-testing";
		};
/* End PBXNativeTarget section */

/* Begin PBXProject section */
		FA61DB2B268F269600C2B9CA /* Project object */ = {
			isa = PBXProject;
			attributes = {
				LastSwiftUpdateCheck = 1240;
				LastUpgradeCheck = 1240;
				TargetAttributes = {
					FA61DB32268F269600C2B9CA = {
						CreatedOnToolsVersion = 12.4;
					};
					FA61DB48268F269A00C2B9CA = {
						CreatedOnToolsVersion = 12.4;
						TestTargetID = FA61DB32268F269600C2B9CA;
					};
					FA61DB53268F269A00C2B9CA = {
						CreatedOnToolsVersion = 12.4;
						TestTargetID = FA61DB32268F269600C2B9CA;
					};
				};
			};
			buildConfigurationList = FA61DB2E268F269600C2B9CA /* Build configuration list for PBXProject "MVP-C-Example" */;
			compatibilityVersion = "Xcode 9.3";
			developmentRegion = en;
			hasScannedForEncodings = 0;
			knownRegions = (
				en,
				Base,
			);
			mainGroup = FA61DB2A268F269600C2B9CA;
			productRefGroup = FA61DB34268F269600C2B9CA /* Products */;
			projectDirPath = "";
			projectRoot = "";
			targets = (
				FA61DB32268F269600C2B9CA /* MVP-C-Example */,
				FA61DB48268F269A00C2B9CA /* MVP-C-ExampleTests */,
				FA61DB53268F269A00C2B9CA /* MVP-C-ExampleUITests */,
			);
		};
/* End PBXProject section */

/* Begin PBXResourcesBuildPhase section */
		FA61DB31268F269600C2B9CA /* Resources */ = {
			isa = PBXResourcesBuildPhase;
			buildActionMask = 2147483647;
			files = (
				FA61DD11268F354700C2B9CA /* Auth.storyboard in Resources */,
				FA61DB43268F269A00C2B9CA /* LaunchScreen.storyboard in Resources */,
				FA61DC35268F2DE700C2B9CA /* Production.xcconfig in Resources */,
				FA61DB40268F269A00C2B9CA /* Images.xcassets in Resources */,
				FA61DD4F268F37C200C2B9CA /* Localizable.strings in Resources */,
				FA61DC30268F2DE200C2B9CA /* Development.xcconfig in Resources */,
				FA61DD00268F341000C2B9CA /* Colors.xcassets in Resources */,
				FA61DD39268F35D900C2B9CA /* Main.storyboard in Resources */,
				FA61DC3A268F2DED00C2B9CA /* Staging.xcconfig in Resources */,
			);
			runOnlyForDeploymentPostprocessing = 0;
		};
		FA61DB47268F269A00C2B9CA /* Resources */ = {
			isa = PBXResourcesBuildPhase;
			buildActionMask = 2147483647;
			files = (
			);
			runOnlyForDeploymentPostprocessing = 0;
		};
		FA61DB52268F269A00C2B9CA /* Resources */ = {
			isa = PBXResourcesBuildPhase;
			buildActionMask = 2147483647;
			files = (
			);
			runOnlyForDeploymentPostprocessing = 0;
		};
/* End PBXResourcesBuildPhase section */

/* Begin PBXShellScriptBuildPhase section */
		942ED8FB6438A1A73BA6D1C0 /* [CP] Check Pods Manifest.lock */ = {
			isa = PBXShellScriptBuildPhase;
			buildActionMask = 2147483647;
			files = (
			);
			inputFileListPaths = (
			);
			inputPaths = (
				"${PODS_PODFILE_DIR_PATH}/Podfile.lock",
				"${PODS_ROOT}/Manifest.lock",
			);
			name = "[CP] Check Pods Manifest.lock";
			outputFileListPaths = (
			);
			outputPaths = (
				"$(DERIVED_FILE_DIR)/Pods-MVP-C-Example-checkManifestLockResult.txt",
			);
			runOnlyForDeploymentPostprocessing = 0;
			shellPath = /bin/sh;
			shellScript = "diff \"${PODS_PODFILE_DIR_PATH}/Podfile.lock\" \"${PODS_ROOT}/Manifest.lock\" > /dev/null\nif [ $? != 0 ] ; then\n    # print error to STDERR\n    echo \"error: The sandbox is not in sync with the Podfile.lock. Run 'pod install' or update your CocoaPods installation.\" >&2\n    exit 1\nfi\n# This output is used by Xcode 'outputs' to avoid re-running this script phase.\necho \"SUCCESS\" > \"${SCRIPT_OUTPUT_FILE_0}\"\n";
			showEnvVarsInLog = 0;
		};
		BBADFA0963D1C4915005A74D /* [CP] Embed Pods Frameworks */ = {
			isa = PBXShellScriptBuildPhase;
			buildActionMask = 2147483647;
			files = (
			);
			inputFileListPaths = (
				"${PODS_ROOT}/Target Support Files/Pods-MVP-C-Example/Pods-MVP-C-Example-frameworks-${CONFIGURATION}-input-files.xcfilelist",
			);
			name = "[CP] Embed Pods Frameworks";
			outputFileListPaths = (
				"${PODS_ROOT}/Target Support Files/Pods-MVP-C-Example/Pods-MVP-C-Example-frameworks-${CONFIGURATION}-output-files.xcfilelist",
			);
			runOnlyForDeploymentPostprocessing = 0;
			shellPath = /bin/sh;
			shellScript = "\"${PODS_ROOT}/Target Support Files/Pods-MVP-C-Example/Pods-MVP-C-Example-frameworks.sh\"\n";
			showEnvVarsInLog = 0;
		};
		FA61DD5F268F391700C2B9CA /* warnings script */ = {
			isa = PBXShellScriptBuildPhase;
			buildActionMask = 2147483647;
			files = (
			);
			inputFileListPaths = (
			);
			inputPaths = (
			);
			name = "warnings script";
			outputFileListPaths = (
			);
			outputPaths = (
			);
			runOnlyForDeploymentPostprocessing = 0;
			shellPath = /bin/sh;
			shellScript = "TAGS=\"TODO:|FIXME:|WARNING:\"\nERRORTAG=\"ERROR:\"\nfind \"${SRCROOT}\" \\( -name \"*.h\" -or -name \"*.m\" -or -name \"*.swift\" \\) -print0 | xargs -0 egrep --with-filename --line-number --only-matching \"($TAGS).*\\$|($ERRORTAG).*\\$\" | perl -p -e \"s/($TAGS)/ warning: \\$1/\"| perl -p -e \"s/($ERRORTAG)/ error: \\$1/\"\n";
		};
		FA61DD63268F393000C2B9CA /* Run Script [SwiftGen] */ = {
			isa = PBXShellScriptBuildPhase;
			buildActionMask = 2147483647;
			files = (
			);
			inputFileListPaths = (
			);
			inputPaths = (
			);
			name = "Run Script [SwiftGen]";
			outputFileListPaths = (
			);
			outputPaths = (
			);
			runOnlyForDeploymentPostprocessing = 0;
			shellPath = /bin/sh;
			shellScript = "\"${PODS_ROOT}/SwiftGen/bin/swiftgen\" config run\n";
		};
/* End PBXShellScriptBuildPhase section */

/* Begin PBXSourcesBuildPhase section */
		FA61DB2F268F269600C2B9CA /* Sources */ = {
			isa = PBXSourcesBuildPhase;
			buildActionMask = 2147483647;
			files = (
				FA61DC56268F2F1B00C2B9CA /* UIStoryboard.swift in Sources */,
				FA61DC8D268F302400C2B9CA /* UIImage.swift in Sources */,
				FA61DB9F268F289B00C2B9CA /* Networker.swift in Sources */,
				FA61DBD5268F2ADD00C2B9CA /* RealmMigrationHandler.swift in Sources */,
				FA61DCB5268F30FD00C2B9CA /* DateFormatter.swift in Sources */,
				FA61DCD4268F316200C2B9CA /* Logger.swift in Sources */,
				FA61DBB5268F29E800C2B9CA /* UserRequester.swift in Sources */,
				FA61DC6A268F2F8D00C2B9CA /* UIView.swift in Sources */,
				FA61DCC4268F312500C2B9CA /* Int.swift in Sources */,
				FA61DC92268F304000C2B9CA /* UINavigationController.swift in Sources */,
				FA61DB87268F275F00C2B9CA /* Router.swift in Sources */,
				FA61DCBF268F311800C2B9CA /* Array.swift in Sources */,
				FA61DCCF268F314C00C2B9CA /* UICollectionView+DataSource.swift in Sources */,
				FA61DC65268F2F8600C2B9CA /* UITableView.swift in Sources */,
				FA61DB75268F270600C2B9CA /* BaseCoordinator.swift in Sources */,
				FA61DC40268F2E6D00C2B9CA /* Constants.swift in Sources */,
				FA61DD1B268F355900C2B9CA /* AuthCoordinator.swift in Sources */,
				FA61DC48268F2EB200C2B9CA /* PlaceholderTextView.swift in Sources */,
				FA61DC83268F2FFE00C2B9CA /* UIAlertController.swift in Sources */,
				FA61DC5B268F2F4700C2B9CA /* UIViewController.swift in Sources */,
				FA61DC22268F2DA700C2B9CA /* BaseViewController.swift in Sources */,
				FA61DD16268F355100C2B9CA /* AuthViewControllerFactory.swift in Sources */,
				FA61DD2A268F359500C2B9CA /* LoginPresenter.swift in Sources */,
				FA61DCE8268F318600C2B9CA /* Utils.swift in Sources */,
				FA61DC10268F2D2C00C2B9CA /* ErrorMessage.swift in Sources */,
				FA61DC74268F2FB100C2B9CA /* UIButton.swift in Sources */,
				FA61DBC4268F2A9200C2B9CA /* Keychain.swift in Sources */,
				FA61DC97268F304600C2B9CA /* UICollectionView+Reuse.swift in Sources */,
				FA61DC02268F2C6200C2B9CA /* LogIn.swift in Sources */,
				FA61DC7E268F2FED00C2B9CA /* UITableView+Reuse.swift.swift in Sources */,
				FA61DCE3268F317C00C2B9CA /* ValueWrapper.swift in Sources */,
				FA61DC28268F2DCD00C2B9CA /* Configuration.swift in Sources */,
				FA61DBE3268F2B9100C2B9CA /* AuthService.swift in Sources */,
				FA61DBE9268F2BEE00C2B9CA /* BiometricsService.swift in Sources */,
				FA61DCDE268F317100C2B9CA /* TypeOf.swift in Sources */,
				FA61DB37268F269600C2B9CA /* AppDelegate.swift in Sources */,
				FA61DCBA268F310E00C2B9CA /* Encodable.swift in Sources */,
				FA61DCB0268F30F700C2B9CA /* DispatchQueue.swift in Sources */,
				FA61DCA1268F305500C2B9CA /* ViewController+Coordinator.swift.swift in Sources */,
				FA61DB7D268F271A00C2B9CA /* LaunchInstructor.swift in Sources */,
				FA61DC1A268F2D9700C2B9CA /* BaseCell.swift in Sources */,
				FA61DBBB268F2A6900C2B9CA /* TokenStorage.swift in Sources */,
				FA61DB95268F280D00C2B9CA /* Services.swift in Sources */,
				FA61DD86268F41A000C2B9CA /* Assets.generated.swift in Sources */,
				FA61DD3E268F35E000C2B9CA /* TabBarPresenter.swift in Sources */,
				FA61DC79268F2FE900C2B9CA /* UITableViewCell.swift in Sources */,
				FA61DB82268F274100C2B9CA /* CoordinatorFactoryProtocol.swift in Sources */,
				FA61DCCA268F313B00C2B9CA /* UITableView+DataSource.swift in Sources */,
				FA61DC6F268F2F9D00C2B9CA /* UIBarExtension.swift in Sources */,
				FA61DBA7268F294100C2B9CA /* EndPointType.swift in Sources */,
				FA61DCD9268F316800C2B9CA /* Loader.swift in Sources */,
				FA61DC0A268F2C8800C2B9CA /* Profile.swift in Sources */,
				FA61DCF3268F31B000C2B9CA /* Typealiases.swift in Sources */,
				FA61DC9C268F304B00C2B9CA /* WKWebView.swift in Sources */,
				FA61DD2F268F35C900C2B9CA /* TabBarController.swift in Sources */,
				FA61DCA6268F305A00C2B9CA /* Date.swift in Sources */,
				FA61DBF1268F2BFD00C2B9CA /* FileService.swift in Sources */,
				FA61DD7D268F3C6900C2B9CA /* MainViewControllerFactory.swift in Sources */,
				FA61DC88268F301C00C2B9CA /* UIWindow.swift in Sources */,
				FA61DBDB268F2B0700C2B9CA /* UserService.swift in Sources */,
				FA61DB8C268F279E00C2B9CA /* DependencyProvider.swift in Sources */,
				FA61DCAB268F309C00C2B9CA /* String.swift in Sources */,
				FA61DC4E268F2ED600C2B9CA /* NSCollectionLayoutSection.swift in Sources */,
				FA61DCEE268F31A600C2B9CA /* FadeAnimator.swift in Sources */,
				FA61DBAD268F295900C2B9CA /* AuthRequester.swift in Sources */,
				FA61DC60268F2F6A00C2B9CA /* UICollectionView.swift in Sources */,
				FA61DD87268F41A000C2B9CA /* Localizable.generated.swift in Sources */,
				FA61DD0C268F34E600C2B9CA /* RoundLayerView.swift in Sources */,
				FA61DBCD268F2ACA00C2B9CA /* RealmStorage.swift in Sources */,
				FA61DD22268F358A00C2B9CA /* LoginViewController.swift in Sources */,
				FA61DB39268F269600C2B9CA /* SceneDelegate.swift in Sources */,
				FA61DB6B268F26DF00C2B9CA /* ApplicationCoordinator.swift in Sources */,
				FA61DD34268F35CF00C2B9CA /* MainCoordinator.swift in Sources */,
				FA61DBF8268F2C3000C2B9CA /* User.swift in Sources */,
			);
			runOnlyForDeploymentPostprocessing = 0;
		};
		FA61DB45268F269A00C2B9CA /* Sources */ = {
			isa = PBXSourcesBuildPhase;
			buildActionMask = 2147483647;
			files = (
				FA61DB4E268F269A00C2B9CA /* MVP_C_ExampleTests.swift in Sources */,
			);
			runOnlyForDeploymentPostprocessing = 0;
		};
		FA61DB50268F269A00C2B9CA /* Sources */ = {
			isa = PBXSourcesBuildPhase;
			buildActionMask = 2147483647;
			files = (
				FA61DB59268F269A00C2B9CA /* MVP_C_ExampleUITests.swift in Sources */,
			);
			runOnlyForDeploymentPostprocessing = 0;
		};
/* End PBXSourcesBuildPhase section */

/* Begin PBXTargetDependency section */
		FA61DB4B268F269A00C2B9CA /* PBXTargetDependency */ = {
			isa = PBXTargetDependency;
			target = FA61DB32268F269600C2B9CA /* MVP-C-Example */;
			targetProxy = FA61DB4A268F269A00C2B9CA /* PBXContainerItemProxy */;
		};
		FA61DB56268F269A00C2B9CA /* PBXTargetDependency */ = {
			isa = PBXTargetDependency;
			target = FA61DB32268F269600C2B9CA /* MVP-C-Example */;
			targetProxy = FA61DB55268F269A00C2B9CA /* PBXContainerItemProxy */;
		};
/* End PBXTargetDependency section */

/* Begin PBXVariantGroup section */
		FA61DB41268F269A00C2B9CA /* LaunchScreen.storyboard */ = {
			isa = PBXVariantGroup;
			children = (
				FA61DB42268F269A00C2B9CA /* Base */,
			);
			name = LaunchScreen.storyboard;
			sourceTree = "<group>";
		};
/* End PBXVariantGroup section */

/* Begin XCBuildConfiguration section */
		FA61DB5B268F269A00C2B9CA /* Debug (Development) */ = {
			isa = XCBuildConfiguration;
			baseConfigurationReference = FA61DC2F268F2DE200C2B9CA /* Development.xcconfig */;
			buildSettings = {
				ALWAYS_SEARCH_USER_PATHS = NO;
				CLANG_ANALYZER_NONNULL = YES;
				CLANG_ANALYZER_NUMBER_OBJECT_CONVERSION = YES_AGGRESSIVE;
				CLANG_CXX_LANGUAGE_STANDARD = "gnu++14";
				CLANG_CXX_LIBRARY = "libc++";
				CLANG_ENABLE_MODULES = YES;
				CLANG_ENABLE_OBJC_ARC = YES;
				CLANG_ENABLE_OBJC_WEAK = YES;
				CLANG_WARN_BLOCK_CAPTURE_AUTORELEASING = YES;
				CLANG_WARN_BOOL_CONVERSION = YES;
				CLANG_WARN_COMMA = YES;
				CLANG_WARN_CONSTANT_CONVERSION = YES;
				CLANG_WARN_DEPRECATED_OBJC_IMPLEMENTATIONS = YES;
				CLANG_WARN_DIRECT_OBJC_ISA_USAGE = YES_ERROR;
				CLANG_WARN_DOCUMENTATION_COMMENTS = YES;
				CLANG_WARN_EMPTY_BODY = YES;
				CLANG_WARN_ENUM_CONVERSION = YES;
				CLANG_WARN_INFINITE_RECURSION = YES;
				CLANG_WARN_INT_CONVERSION = YES;
				CLANG_WARN_NON_LITERAL_NULL_CONVERSION = YES;
				CLANG_WARN_OBJC_IMPLICIT_RETAIN_SELF = YES;
				CLANG_WARN_OBJC_LITERAL_CONVERSION = YES;
				CLANG_WARN_OBJC_ROOT_CLASS = YES_ERROR;
				CLANG_WARN_QUOTED_INCLUDE_IN_FRAMEWORK_HEADER = YES;
				CLANG_WARN_RANGE_LOOP_ANALYSIS = YES;
				CLANG_WARN_STRICT_PROTOTYPES = YES;
				CLANG_WARN_SUSPICIOUS_MOVE = YES;
				CLANG_WARN_UNGUARDED_AVAILABILITY = YES_AGGRESSIVE;
				CLANG_WARN_UNREACHABLE_CODE = YES;
				CLANG_WARN__DUPLICATE_METHOD_MATCH = YES;
				COPY_PHASE_STRIP = NO;
				DEBUG_INFORMATION_FORMAT = dwarf;
				ENABLE_STRICT_OBJC_MSGSEND = YES;
				ENABLE_TESTABILITY = YES;
				GCC_C_LANGUAGE_STANDARD = gnu11;
				GCC_DYNAMIC_NO_PIC = NO;
				GCC_NO_COMMON_BLOCKS = YES;
				GCC_OPTIMIZATION_LEVEL = 0;
				GCC_PREPROCESSOR_DEFINITIONS = (
					"DEBUG=1",
					"$(inherited)",
				);
				GCC_WARN_64_TO_32_BIT_CONVERSION = YES;
				GCC_WARN_ABOUT_RETURN_TYPE = YES_ERROR;
				GCC_WARN_UNDECLARED_SELECTOR = YES;
				GCC_WARN_UNINITIALIZED_AUTOS = YES_AGGRESSIVE;
				GCC_WARN_UNUSED_FUNCTION = YES;
				GCC_WARN_UNUSED_VARIABLE = YES;
				IPHONEOS_DEPLOYMENT_TARGET = 14.4;
				MTL_ENABLE_DEBUG_INFO = INCLUDE_SOURCE;
				MTL_FAST_MATH = YES;
				ONLY_ACTIVE_ARCH = YES;
				SDKROOT = iphoneos;
				SWIFT_ACTIVE_COMPILATION_CONDITIONS = DEBUG;
				SWIFT_OPTIMIZATION_LEVEL = "-Onone";
			};
			name = "Debug (Development)";
		};
		FA61DB5C268F269A00C2B9CA /* Release (Production) */ = {
			isa = XCBuildConfiguration;
			baseConfigurationReference = FA61DC34268F2DE700C2B9CA /* Production.xcconfig */;
			buildSettings = {
				ALWAYS_SEARCH_USER_PATHS = NO;
				CLANG_ANALYZER_NONNULL = YES;
				CLANG_ANALYZER_NUMBER_OBJECT_CONVERSION = YES_AGGRESSIVE;
				CLANG_CXX_LANGUAGE_STANDARD = "gnu++14";
				CLANG_CXX_LIBRARY = "libc++";
				CLANG_ENABLE_MODULES = YES;
				CLANG_ENABLE_OBJC_ARC = YES;
				CLANG_ENABLE_OBJC_WEAK = YES;
				CLANG_WARN_BLOCK_CAPTURE_AUTORELEASING = YES;
				CLANG_WARN_BOOL_CONVERSION = YES;
				CLANG_WARN_COMMA = YES;
				CLANG_WARN_CONSTANT_CONVERSION = YES;
				CLANG_WARN_DEPRECATED_OBJC_IMPLEMENTATIONS = YES;
				CLANG_WARN_DIRECT_OBJC_ISA_USAGE = YES_ERROR;
				CLANG_WARN_DOCUMENTATION_COMMENTS = YES;
				CLANG_WARN_EMPTY_BODY = YES;
				CLANG_WARN_ENUM_CONVERSION = YES;
				CLANG_WARN_INFINITE_RECURSION = YES;
				CLANG_WARN_INT_CONVERSION = YES;
				CLANG_WARN_NON_LITERAL_NULL_CONVERSION = YES;
				CLANG_WARN_OBJC_IMPLICIT_RETAIN_SELF = YES;
				CLANG_WARN_OBJC_LITERAL_CONVERSION = YES;
				CLANG_WARN_OBJC_ROOT_CLASS = YES_ERROR;
				CLANG_WARN_QUOTED_INCLUDE_IN_FRAMEWORK_HEADER = YES;
				CLANG_WARN_RANGE_LOOP_ANALYSIS = YES;
				CLANG_WARN_STRICT_PROTOTYPES = YES;
				CLANG_WARN_SUSPICIOUS_MOVE = YES;
				CLANG_WARN_UNGUARDED_AVAILABILITY = YES_AGGRESSIVE;
				CLANG_WARN_UNREACHABLE_CODE = YES;
				CLANG_WARN__DUPLICATE_METHOD_MATCH = YES;
				COPY_PHASE_STRIP = NO;
				DEBUG_INFORMATION_FORMAT = "dwarf-with-dsym";
				ENABLE_NS_ASSERTIONS = NO;
				ENABLE_STRICT_OBJC_MSGSEND = YES;
				GCC_C_LANGUAGE_STANDARD = gnu11;
				GCC_NO_COMMON_BLOCKS = YES;
				GCC_WARN_64_TO_32_BIT_CONVERSION = YES;
				GCC_WARN_ABOUT_RETURN_TYPE = YES_ERROR;
				GCC_WARN_UNDECLARED_SELECTOR = YES;
				GCC_WARN_UNINITIALIZED_AUTOS = YES_AGGRESSIVE;
				GCC_WARN_UNUSED_FUNCTION = YES;
				GCC_WARN_UNUSED_VARIABLE = YES;
				IPHONEOS_DEPLOYMENT_TARGET = 14.4;
				MTL_ENABLE_DEBUG_INFO = NO;
				MTL_FAST_MATH = YES;
				SDKROOT = iphoneos;
				SWIFT_COMPILATION_MODE = wholemodule;
				SWIFT_OPTIMIZATION_LEVEL = "-O";
				VALIDATE_PRODUCT = YES;
			};
			name = "Release (Production)";
		};
		FA61DB5E268F269A00C2B9CA /* Debug (Development) */ = {
			isa = XCBuildConfiguration;
			baseConfigurationReference = 57A7EF388480F246A733A16F /* Pods-MVP-C-Example.debug (development).xcconfig */;
			buildSettings = {
				ASSETCATALOG_COMPILER_APPICON_NAME = AppIcon;
				ASSETCATALOG_COMPILER_GLOBAL_ACCENT_COLOR_NAME = AccentColor;
				CODE_SIGN_IDENTITY = "iPhone Developer";
				CODE_SIGN_STYLE = Manual;
				DEVELOPMENT_TEAM = L3QAWRZFYR;
				INFOPLIST_FILE = "$(SRCROOT)/MVP-C-Example/Supporting Files/Info.plist";
				LD_RUNPATH_SEARCH_PATHS = (
					"$(inherited)",
					"@executable_path/Frameworks",
				);
				PRODUCT_NAME = "$(TARGET_NAME)";
				PROVISIONING_PROFILE_SPECIFIER = Wildcard_development;
				SWIFT_VERSION = 5.0;
				TARGETED_DEVICE_FAMILY = 1;
			};
			name = "Debug (Development)";
		};
		FA61DB5F268F269A00C2B9CA /* Release (Production) */ = {
			isa = XCBuildConfiguration;
			baseConfigurationReference = 119B9DB8EF2D75FCBB960AD2 /* Pods-MVP-C-Example.release (production).xcconfig */;
			buildSettings = {
				ASSETCATALOG_COMPILER_APPICON_NAME = AppIcon;
				ASSETCATALOG_COMPILER_GLOBAL_ACCENT_COLOR_NAME = AccentColor;
				CODE_SIGN_IDENTITY = "iPhone Distribution";
				CODE_SIGN_STYLE = Manual;
				DEVELOPMENT_TEAM = 5896WSFB8E;
				INFOPLIST_FILE = "$(SRCROOT)/MVP-C-Example/Supporting Files/Info.plist";
				LD_RUNPATH_SEARCH_PATHS = (
					"$(inherited)",
					"@executable_path/Frameworks",
				);
				PRODUCT_BUNDLE_IDENTIFIER = com.chisw.testApp;
				PRODUCT_NAME = "$(TARGET_NAME)";
				PROVISIONING_PROFILE_SPECIFIER = "AB AppStore";
				SWIFT_VERSION = 5.0;
				TARGETED_DEVICE_FAMILY = 1;
			};
			name = "Release (Production)";
		};
		FA61DB61268F269A00C2B9CA /* Debug (Development) */ = {
			isa = XCBuildConfiguration;
			buildSettings = {
				ALWAYS_EMBED_SWIFT_STANDARD_LIBRARIES = YES;
				BUNDLE_LOADER = "$(TEST_HOST)";
				CODE_SIGN_STYLE = Automatic;
				DEVELOPMENT_TEAM = L3QAWRZFYR;
				INFOPLIST_FILE = "MVP-C-ExampleTests/Info.plist";
				IPHONEOS_DEPLOYMENT_TARGET = 14.4;
				LD_RUNPATH_SEARCH_PATHS = (
					"$(inherited)",
					"@executable_path/Frameworks",
					"@loader_path/Frameworks",
				);
				PRODUCT_BUNDLE_IDENTIFIER = "com.chisw.MVP-C-ExampleTests";
				PRODUCT_NAME = "$(TARGET_NAME)";
				SWIFT_VERSION = 5.0;
				TARGETED_DEVICE_FAMILY = "1,2";
				TEST_HOST = "$(BUILT_PRODUCTS_DIR)/MVP-C-Example.app/MVP-C-Example";
			};
			name = "Debug (Development)";
		};
		FA61DB62268F269A00C2B9CA /* Release (Production) */ = {
			isa = XCBuildConfiguration;
			buildSettings = {
				ALWAYS_EMBED_SWIFT_STANDARD_LIBRARIES = YES;
				BUNDLE_LOADER = "$(TEST_HOST)";
				CODE_SIGN_STYLE = Automatic;
				DEVELOPMENT_TEAM = L3QAWRZFYR;
				INFOPLIST_FILE = "MVP-C-ExampleTests/Info.plist";
				IPHONEOS_DEPLOYMENT_TARGET = 14.4;
				LD_RUNPATH_SEARCH_PATHS = (
					"$(inherited)",
					"@executable_path/Frameworks",
					"@loader_path/Frameworks",
				);
				PRODUCT_BUNDLE_IDENTIFIER = "com.chisw.MVP-C-ExampleTests";
				PRODUCT_NAME = "$(TARGET_NAME)";
				SWIFT_VERSION = 5.0;
				TARGETED_DEVICE_FAMILY = "1,2";
				TEST_HOST = "$(BUILT_PRODUCTS_DIR)/MVP-C-Example.app/MVP-C-Example";
			};
			name = "Release (Production)";
		};
		FA61DB64268F269A00C2B9CA /* Debug (Development) */ = {
			isa = XCBuildConfiguration;
			buildSettings = {
				ALWAYS_EMBED_SWIFT_STANDARD_LIBRARIES = YES;
				CODE_SIGN_STYLE = Automatic;
				DEVELOPMENT_TEAM = L3QAWRZFYR;
				INFOPLIST_FILE = "MVP-C-ExampleUITests/Info.plist";
				LD_RUNPATH_SEARCH_PATHS = (
					"$(inherited)",
					"@executable_path/Frameworks",
					"@loader_path/Frameworks",
				);
				PRODUCT_BUNDLE_IDENTIFIER = "com.chisw.MVP-C-ExampleUITests";
				PRODUCT_NAME = "$(TARGET_NAME)";
				SWIFT_VERSION = 5.0;
				TARGETED_DEVICE_FAMILY = "1,2";
				TEST_TARGET_NAME = "MVP-C-Example";
			};
			name = "Debug (Development)";
		};
		FA61DB65268F269A00C2B9CA /* Release (Production) */ = {
			isa = XCBuildConfiguration;
			buildSettings = {
				ALWAYS_EMBED_SWIFT_STANDARD_LIBRARIES = YES;
				CODE_SIGN_STYLE = Automatic;
				DEVELOPMENT_TEAM = L3QAWRZFYR;
				INFOPLIST_FILE = "MVP-C-ExampleUITests/Info.plist";
				LD_RUNPATH_SEARCH_PATHS = (
					"$(inherited)",
					"@executable_path/Frameworks",
					"@loader_path/Frameworks",
				);
				PRODUCT_BUNDLE_IDENTIFIER = "com.chisw.MVP-C-ExampleUITests";
				PRODUCT_NAME = "$(TARGET_NAME)";
				SWIFT_VERSION = 5.0;
				TARGETED_DEVICE_FAMILY = "1,2";
				TEST_TARGET_NAME = "MVP-C-Example";
			};
			name = "Release (Production)";
		};
		FA741DB626FCE0CE009F81E9 /* Debug (Staging) */ = {
			isa = XCBuildConfiguration;
			baseConfigurationReference = FA61DC39268F2DED00C2B9CA /* Staging.xcconfig */;
			buildSettings = {
				ALWAYS_SEARCH_USER_PATHS = NO;
				CLANG_ANALYZER_NONNULL = YES;
				CLANG_ANALYZER_NUMBER_OBJECT_CONVERSION = YES_AGGRESSIVE;
				CLANG_CXX_LANGUAGE_STANDARD = "gnu++14";
				CLANG_CXX_LIBRARY = "libc++";
				CLANG_ENABLE_MODULES = YES;
				CLANG_ENABLE_OBJC_ARC = YES;
				CLANG_ENABLE_OBJC_WEAK = YES;
				CLANG_WARN_BLOCK_CAPTURE_AUTORELEASING = YES;
				CLANG_WARN_BOOL_CONVERSION = YES;
				CLANG_WARN_COMMA = YES;
				CLANG_WARN_CONSTANT_CONVERSION = YES;
				CLANG_WARN_DEPRECATED_OBJC_IMPLEMENTATIONS = YES;
				CLANG_WARN_DIRECT_OBJC_ISA_USAGE = YES_ERROR;
				CLANG_WARN_DOCUMENTATION_COMMENTS = YES;
				CLANG_WARN_EMPTY_BODY = YES;
				CLANG_WARN_ENUM_CONVERSION = YES;
				CLANG_WARN_INFINITE_RECURSION = YES;
				CLANG_WARN_INT_CONVERSION = YES;
				CLANG_WARN_NON_LITERAL_NULL_CONVERSION = YES;
				CLANG_WARN_OBJC_IMPLICIT_RETAIN_SELF = YES;
				CLANG_WARN_OBJC_LITERAL_CONVERSION = YES;
				CLANG_WARN_OBJC_ROOT_CLASS = YES_ERROR;
				CLANG_WARN_QUOTED_INCLUDE_IN_FRAMEWORK_HEADER = YES;
				CLANG_WARN_RANGE_LOOP_ANALYSIS = YES;
				CLANG_WARN_STRICT_PROTOTYPES = YES;
				CLANG_WARN_SUSPICIOUS_MOVE = YES;
				CLANG_WARN_UNGUARDED_AVAILABILITY = YES_AGGRESSIVE;
				CLANG_WARN_UNREACHABLE_CODE = YES;
				CLANG_WARN__DUPLICATE_METHOD_MATCH = YES;
				COPY_PHASE_STRIP = NO;
				DEBUG_INFORMATION_FORMAT = dwarf;
				ENABLE_STRICT_OBJC_MSGSEND = YES;
				ENABLE_TESTABILITY = YES;
				GCC_C_LANGUAGE_STANDARD = gnu11;
				GCC_DYNAMIC_NO_PIC = NO;
				GCC_NO_COMMON_BLOCKS = YES;
				GCC_OPTIMIZATION_LEVEL = 0;
				GCC_PREPROCESSOR_DEFINITIONS = (
					"DEBUG=1",
					"$(inherited)",
				);
				GCC_WARN_64_TO_32_BIT_CONVERSION = YES;
				GCC_WARN_ABOUT_RETURN_TYPE = YES_ERROR;
				GCC_WARN_UNDECLARED_SELECTOR = YES;
				GCC_WARN_UNINITIALIZED_AUTOS = YES_AGGRESSIVE;
				GCC_WARN_UNUSED_FUNCTION = YES;
				GCC_WARN_UNUSED_VARIABLE = YES;
				IPHONEOS_DEPLOYMENT_TARGET = 14.4;
				MTL_ENABLE_DEBUG_INFO = INCLUDE_SOURCE;
				MTL_FAST_MATH = YES;
				ONLY_ACTIVE_ARCH = YES;
				SDKROOT = iphoneos;
				SWIFT_ACTIVE_COMPILATION_CONDITIONS = DEBUG;
				SWIFT_OPTIMIZATION_LEVEL = "-Onone";
			};
			name = "Debug (Staging)";
		};
		FA741DB726FCE0CE009F81E9 /* Debug (Staging) */ = {
			isa = XCBuildConfiguration;
			baseConfigurationReference = 81A84DBB344CA66CE94CCC8B /* Pods-MVP-C-Example.debug (staging).xcconfig */;
			buildSettings = {
				ASSETCATALOG_COMPILER_APPICON_NAME = AppIcon;
				ASSETCATALOG_COMPILER_GLOBAL_ACCENT_COLOR_NAME = AccentColor;
				CODE_SIGN_IDENTITY = "iPhone Developer";
				CODE_SIGN_STYLE = Manual;
				DEVELOPMENT_TEAM = L3QAWRZFYR;
				INFOPLIST_FILE = "$(SRCROOT)/MVP-C-Example/Supporting Files/Info.plist";
				LD_RUNPATH_SEARCH_PATHS = (
					"$(inherited)",
					"@executable_path/Frameworks",
				);
				PRODUCT_BUNDLE_IDENTIFIER = com.chisw.testApp;
				PRODUCT_NAME = "$(TARGET_NAME)";
				PROVISIONING_PROFILE_SPECIFIER = Wildcard_development;
				SWIFT_VERSION = 5.0;
				TARGETED_DEVICE_FAMILY = 1;
			};
			name = "Debug (Staging)";
		};
		FA741DB826FCE0CE009F81E9 /* Debug (Staging) */ = {
			isa = XCBuildConfiguration;
			buildSettings = {
				ALWAYS_EMBED_SWIFT_STANDARD_LIBRARIES = YES;
				BUNDLE_LOADER = "$(TEST_HOST)";
				CODE_SIGN_STYLE = Automatic;
				DEVELOPMENT_TEAM = L3QAWRZFYR;
				INFOPLIST_FILE = "MVP-C-ExampleTests/Info.plist";
				IPHONEOS_DEPLOYMENT_TARGET = 14.4;
				LD_RUNPATH_SEARCH_PATHS = (
					"$(inherited)",
					"@executable_path/Frameworks",
					"@loader_path/Frameworks",
				);
				PRODUCT_BUNDLE_IDENTIFIER = "com.chisw.MVP-C-ExampleTests";
				PRODUCT_NAME = "$(TARGET_NAME)";
				SWIFT_VERSION = 5.0;
				TARGETED_DEVICE_FAMILY = "1,2";
				TEST_HOST = "$(BUILT_PRODUCTS_DIR)/MVP-C-Example.app/MVP-C-Example";
			};
			name = "Debug (Staging)";
		};
		FA741DB926FCE0CE009F81E9 /* Debug (Staging) */ = {
			isa = XCBuildConfiguration;
			buildSettings = {
				ALWAYS_EMBED_SWIFT_STANDARD_LIBRARIES = YES;
				CODE_SIGN_STYLE = Automatic;
				DEVELOPMENT_TEAM = L3QAWRZFYR;
				INFOPLIST_FILE = "MVP-C-ExampleUITests/Info.plist";
				LD_RUNPATH_SEARCH_PATHS = (
					"$(inherited)",
					"@executable_path/Frameworks",
					"@loader_path/Frameworks",
				);
				PRODUCT_BUNDLE_IDENTIFIER = "com.chisw.MVP-C-ExampleUITests";
				PRODUCT_NAME = "$(TARGET_NAME)";
				SWIFT_VERSION = 5.0;
				TARGETED_DEVICE_FAMILY = "1,2";
				TEST_TARGET_NAME = "MVP-C-Example";
			};
			name = "Debug (Staging)";
		};
/* End XCBuildConfiguration section */

/* Begin XCConfigurationList section */
		FA61DB2E268F269600C2B9CA /* Build configuration list for PBXProject "MVP-C-Example" */ = {
			isa = XCConfigurationList;
			buildConfigurations = (
				FA61DB5B268F269A00C2B9CA /* Debug (Development) */,
				FA741DB626FCE0CE009F81E9 /* Debug (Staging) */,
				FA61DB5C268F269A00C2B9CA /* Release (Production) */,
			);
			defaultConfigurationIsVisible = 0;
			defaultConfigurationName = "Release (Production)";
		};
		FA61DB5D268F269A00C2B9CA /* Build configuration list for PBXNativeTarget "MVP-C-Example" */ = {
			isa = XCConfigurationList;
			buildConfigurations = (
				FA61DB5E268F269A00C2B9CA /* Debug (Development) */,
				FA741DB726FCE0CE009F81E9 /* Debug (Staging) */,
				FA61DB5F268F269A00C2B9CA /* Release (Production) */,
			);
			defaultConfigurationIsVisible = 0;
			defaultConfigurationName = "Release (Production)";
		};
		FA61DB60268F269A00C2B9CA /* Build configuration list for PBXNativeTarget "MVP-C-ExampleTests" */ = {
			isa = XCConfigurationList;
			buildConfigurations = (
				FA61DB61268F269A00C2B9CA /* Debug (Development) */,
				FA741DB826FCE0CE009F81E9 /* Debug (Staging) */,
				FA61DB62268F269A00C2B9CA /* Release (Production) */,
			);
			defaultConfigurationIsVisible = 0;
			defaultConfigurationName = "Release (Production)";
		};
		FA61DB63268F269A00C2B9CA /* Build configuration list for PBXNativeTarget "MVP-C-ExampleUITests" */ = {
			isa = XCConfigurationList;
			buildConfigurations = (
				FA61DB64268F269A00C2B9CA /* Debug (Development) */,
				FA741DB926FCE0CE009F81E9 /* Debug (Staging) */,
				FA61DB65268F269A00C2B9CA /* Release (Production) */,
			);
			defaultConfigurationIsVisible = 0;
			defaultConfigurationName = "Release (Production)";
		};
/* End XCConfigurationList section */
	};
	rootObject = FA61DB2B268F269600C2B9CA /* Project object */;
}
